// !$*UTF8*$!
{
	archiveVersion = 1;
	classes = {
	};
	objectVersion = 46;
	objects = {

/* Begin PBXBuildFile section */
		EE6BB3DA1DD136CD000BA1EE /* AppDelegate.swift in Sources */ = {isa = PBXBuildFile; fileRef = EE6BB3D91DD136CD000BA1EE /* AppDelegate.swift */; };
		EE6BB3DC1DD136CD000BA1EE /* ViewController.swift in Sources */ = {isa = PBXBuildFile; fileRef = EE6BB3DB1DD136CD000BA1EE /* ViewController.swift */; };
		EE6BB3DF1DD136CD000BA1EE /* Main.storyboard in Resources */ = {isa = PBXBuildFile; fileRef = EE6BB3DD1DD136CD000BA1EE /* Main.storyboard */; };
		EE6BB3E11DD136CD000BA1EE /* Assets.xcassets in Resources */ = {isa = PBXBuildFile; fileRef = EE6BB3E01DD136CD000BA1EE /* Assets.xcassets */; };
		EE6BB3E41DD136CD000BA1EE /* LaunchScreen.storyboard in Resources */ = {isa = PBXBuildFile; fileRef = EE6BB3E21DD136CD000BA1EE /* LaunchScreen.storyboard */; };
		EE6BB3ED1DD136ED000BA1EE /* MapKit.framework in Frameworks */ = {isa = PBXBuildFile; fileRef = EE6BB3EC1DD136ED000BA1EE /* MapKit.framework */; };
/* End PBXBuildFile section */

/* Begin PBXFileReference section */
		EE6BB3D61DD136CD000BA1EE /* Maps.app */ = {isa = PBXFileReference; explicitFileType = wrapper.application; includeInIndex = 0; path = Maps.app; sourceTree = BUILT_PRODUCTS_DIR; };
		EE6BB3D91DD136CD000BA1EE /* AppDelegate.swift */ = {isa = PBXFileReference; lastKnownFileType = sourcecode.swift; path = AppDelegate.swift; sourceTree = "<group>"; };
		EE6BB3DB1DD136CD000BA1EE /* ViewController.swift */ = {isa = PBXFileReference; lastKnownFileType = sourcecode.swift; path = ViewController.swift; sourceTree = "<group>"; };
		EE6BB3DE1DD136CD000BA1EE /* Base */ = {isa = PBXFileReference; lastKnownFileType = file.storyboard; name = Base; path = Base.lproj/Main.storyboard; sourceTree = "<group>"; };
		EE6BB3E01DD136CD000BA1EE /* Assets.xcassets */ = {isa = PBXFileReference; lastKnownFileType = folder.assetcatalog; path = Assets.xcassets; sourceTree = "<group>"; };
		EE6BB3E31DD136CD000BA1EE /* Base */ = {isa = PBXFileReference; lastKnownFileType = file.storyboard; name = Base; path = Base.lproj/LaunchScreen.storyboard; sourceTree = "<group>"; };
		EE6BB3E51DD136CE000BA1EE /* Info.plist */ = {isa = PBXFileReference; lastKnownFileType = text.plist.xml; path = Info.plist; sourceTree = "<group>"; };
		EE6BB3EC1DD136ED000BA1EE /* MapKit.framework */ = {isa = PBXFileReference; lastKnownFileType = wrapper.framework; name = MapKit.framework; path = System/Library/Frameworks/MapKit.framework; sourceTree = SDKROOT; };
/* End PBXFileReference section */

/* Begin PBXFrameworksBuildPhase section */
		EE6BB3D31DD136CD000BA1EE /* Frameworks */ = {
			isa = PBXFrameworksBuildPhase;
			buildActionMask = 2147483647;
			files = (
				EE6BB3ED1DD136ED000BA1EE /* MapKit.framework in Frameworks */,
			);
			runOnlyForDeploymentPostprocessing = 0;
		};
/* End PBXFrameworksBuildPhase section */

/* Begin PBXGroup section */
		EE6BB3CD1DD136CD000BA1EE = {
			isa = PBXGroup;
			children = (
				EE6BB3D81DD136CD000BA1EE /* Maps */,
				EE6BB3D71DD136CD000BA1EE /* Products */,
				EE6BB3EB1DD136ED000BA1EE /* Frameworks */,
			);
			sourceTree = "<group>";
		};
		EE6BB3D71DD136CD000BA1EE /* Products */ = {
			isa = PBXGroup;
			children = (
				EE6BB3D61DD136CD000BA1EE /* Maps.app */,
			);
			name = Products;
			sourceTree = "<group>";
		};
		EE6BB3D81DD136CD000BA1EE /* Maps */ = {
			isa = PBXGroup;
			children = (
				EE6BB3D91DD136CD000BA1EE /* AppDelegate.swift */,
				EE6BB3DB1DD136CD000BA1EE /* ViewController.swift */,
				EE6BB3DD1DD136CD000BA1EE /* Main.storyboard */,
				EE6BB3E01DD136CD000BA1EE /* Assets.xcassets */,
				EE6BB3E21DD136CD000BA1EE /* LaunchScreen.storyboard */,
				EE6BB3E51DD136CE000BA1EE /* Info.plist */,
			);
			path = Maps;
			sourceTree = "<group>";
		};
		EE6BB3EB1DD136ED000BA1EE /* Frameworks */ = {
			isa = PBXGroup;
			children = (
				EE6BB3EC1DD136ED000BA1EE /* MapKit.framework */,
			);
			name = Frameworks;
			sourceTree = "<group>";
		};
/* End PBXGroup section */

/* Begin PBXNativeTarget section */
		EE6BB3D51DD136CD000BA1EE /* Maps */ = {
			isa = PBXNativeTarget;
			buildConfigurationList = EE6BB3E81DD136CE000BA1EE /* Build configuration list for PBXNativeTarget "Maps" */;
			buildPhases = (
				EE6BB3D21DD136CD000BA1EE /* Sources */,
				EE6BB3D31DD136CD000BA1EE /* Frameworks */,
				EE6BB3D41DD136CD000BA1EE /* Resources */,
			);
			buildRules = (
			);
			dependencies = (
			);
			name = Maps;
			productName = Maps;
			productReference = EE6BB3D61DD136CD000BA1EE /* Maps.app */;
			productType = "com.apple.product-type.application";
		};
/* End PBXNativeTarget section */

/* Begin PBXProject section */
		EE6BB3CE1DD136CD000BA1EE /* Project object */ = {
			isa = PBXProject;
			attributes = {
				LastSwiftUpdateCheck = 0800;
				LastUpgradeCheck = 0800;
				ORGANIZATIONNAME = Boyoung;
				TargetAttributes = {
					EE6BB3D51DD136CD000BA1EE = {
						CreatedOnToolsVersion = 8.0;
						ProvisioningStyle = Automatic;
					};
				};
			};
			buildConfigurationList = EE6BB3D11DD136CD000BA1EE /* Build configuration list for PBXProject "Maps" */;
			compatibilityVersion = "Xcode 3.2";
			developmentRegion = English;
			hasScannedForEncodings = 0;
			knownRegions = (
				en,
				Base,
			);
			mainGroup = EE6BB3CD1DD136CD000BA1EE;
			productRefGroup = EE6BB3D71DD136CD000BA1EE /* Products */;
			projectDirPath = "";
			projectRoot = "";
			targets = (
				EE6BB3D51DD136CD000BA1EE /* Maps */,
			);
		};
/* End PBXProject section */

/* Begin PBXResourcesBuildPhase section */
		EE6BB3D41DD136CD000BA1EE /* Resources */ = {
			isa = PBXResourcesBuildPhase;
			buildActionMask = 2147483647;
			files = (
				EE6BB3E41DD136CD000BA1EE /* LaunchScreen.storyboard in Resources */,
				EE6BB3E11DD136CD000BA1EE /* Assets.xcassets in Resources */,
				EE6BB3DF1DD136CD000BA1EE /* Main.storyboard in Resources */,
			);
			runOnlyForDeploymentPostprocessing = 0;
		};
/* End PBXResourcesBuildPhase section */

/* Begin PBXSourcesBuildPhase section */
		EE6BB3D21DD136CD000BA1EE /* Sources */ = {
			isa = PBXSourcesBuildPhase;
			buildActionMask = 2147483647;
			files = (
				EE6BB3DC1DD136CD000BA1EE /* ViewController.swift in Sources */,
				EE6BB3DA1DD136CD000BA1EE /* AppDelegate.swift in Sources */,
			);
			runOnlyForDeploymentPostprocessing = 0;
		};
/* End PBXSourcesBuildPhase section */

/* Begin PBXVariantGroup section */
		EE6BB3DD1DD136CD000BA1EE /* Main.storyboard */ = {
			isa = PBXVariantGroup;
			children = (
				EE6BB3DE1DD136CD000BA1EE /* Base */,
			);
			name = Main.storyboard;
			sourceTree = "<group>";
		};
		EE6BB3E21DD136CD000BA1EE /* LaunchScreen.storyboard */ = {
			isa = PBXVariantGroup;
			children = (
				EE6BB3E31DD136CD000BA1EE /* Base */,
			);
			name = LaunchScreen.storyboard;
			sourceTree = "<group>";
		};
/* End PBXVariantGroup section */

/* Begin XCBuildConfiguration section */
		EE6BB3E61DD136CE000BA1EE /* Debug */ = {
			isa = XCBuildConfiguration;
			buildSettings = {
				ALWAYS_SEARCH_USER_PATHS = NO;
				CLANG_ANALYZER_NONNULL = YES;
				CLANG_CXX_LANGUAGE_STANDARD = "gnu++0x";
				CLANG_CXX_LIBRARY = "libc++";
				CLANG_ENABLE_MODULES = YES;
				CLANG_ENABLE_OBJC_ARC = YES;
				CLANG_WARN_BOOL_CONVERSION = YES;
				CLANG_WARN_CONSTANT_CONVERSION = YES;
				CLANG_WARN_DIRECT_OBJC_ISA_USAGE = YES_ERROR;
				CLANG_WARN_DOCUMENTATION_COMMENTS = YES;
				CLANG_WARN_EMPTY_BODY = YES;
				CLANG_WARN_ENUM_CONVERSION = YES;
				CLANG_WARN_INFINITE_RECURSION = YES;
				CLANG_WARN_INT_CONVERSION = YES;
				CLANG_WARN_OBJC_ROOT_CLASS = YES_ERROR;
				CLANG_WARN_SUSPICIOUS_MOVES = YES;
				CLANG_WARN_UNREACHABLE_CODE = YES;
				CLANG_WARN__DUPLICATE_METHOD_MATCH = YES;
				"CODE_SIGN_IDENTITY[sdk=iphoneos*]" = "iPhone Developer";
				COPY_PHASE_STRIP = NO;
				DEBUG_INFORMATION_FORMAT = dwarf;
				ENABLE_STRICT_OBJC_MSGSEND = YES;
				ENABLE_TESTABILITY = YES;
				GCC_C_LANGUAGE_STANDARD = gnu99;
				GCC_DYNAMIC_NO_PIC = NO;
				GCC_NO_COMMON_BLOCKS = YES;
				GCC_OPTIMIZATION_LEVEL = 0;
				GCC_PREPROCESSOR_DEFINITIONS = (
					"DEBUG=1",
					"$(inherited)",
				);
				GCC_WARN_64_TO_32_BIT_CONVERSION = YES;
				GCC_WARN_ABOUT_RETURN_TYPE = YES_ERROR;
				GCC_WARN_UNDECLARED_SELECTOR = YES;
				GCC_WARN_UNINITIALIZED_AUTOS = YES_AGGRESSIVE;
				GCC_WARN_UNUSED_FUNCTION = YES;
				GCC_WARN_UNUSED_VARIABLE = YES;
				IPHONEOS_DEPLOYMENT_TARGET = 10.0;
				MTL_ENABLE_DEBUG_INFO = YES;
				ONLY_ACTIVE_ARCH = YES;
				SDKROOT = iphoneos;
				SWIFT_ACTIVE_COMPILATION_CONDITIONS = DEBUG;
				SWIFT_OPTIMIZATION_LEVEL = "-Onone";
				TARGETED_DEVICE_FAMILY = "1,2";
			};
			name = Debug;
		};
		EE6BB3E71DD136CE000BA1EE /* Release */ = {
			isa = XCBuildConfiguration;
			buildSettings = {
				ALWAYS_SEARCH_USER_PATHS = NO;
				CLANG_ANALYZER_NONNULL = YES;
				CLANG_CXX_LANGUAGE_STANDARD = "gnu++0x";
				CLANG_CXX_LIBRARY = "libc++";
				CLANG_ENABLE_MODULES = YES;
				CLANG_ENABLE_OBJC_ARC = YES;
				CLANG_WARN_BOOL_CONVERSION = YES;
				CLANG_WARN_CONSTANT_CONVERSION = YES;
				CLANG_WARN_DIRECT_OBJC_ISA_USAGE = YES_ERROR;
				CLANG_WARN_DOCUMENTATION_COMMENTS = YES;
				CLANG_WARN_EMPTY_BODY = YES;
				CLANG_WARN_ENUM_CONVERSION = YES;
				CLANG_WARN_INFINITE_RECURSION = YES;
				CLANG_WARN_INT_CONVERSION = YES;
				CLANG_WARN_OBJC_ROOT_CLASS = YES_ERROR;
				CLANG_WARN_SUSPICIOUS_MOVES = YES;
				CLANG_WARN_UNREACHABLE_CODE = YES;
				CLANG_WARN__DUPLICATE_METHOD_MATCH = YES;
				"CODE_SIGN_IDENTITY[sdk=iphoneos*]" = "iPhone Developer";
				COPY_PHASE_STRIP = NO;
				DEBUG_INFORMATION_FORMAT = "dwarf-with-dsym";
				ENABLE_NS_ASSERTIONS = NO;
				ENABLE_STRICT_OBJC_MSGSEND = YES;
				GCC_C_LANGUAGE_STANDARD = gnu99;
				GCC_NO_COMMON_BLOCKS = YES;
				GCC_WARN_64_TO_32_BIT_CONVERSION = YES;
				GCC_WARN_ABOUT_RETURN_TYPE = YES_ERROR;
				GCC_WARN_UNDECLARED_SELECTOR = YES;
				GCC_WARN_UNINITIALIZED_AUTOS = YES_AGGRESSIVE;
				GCC_WARN_UNUSED_FUNCTION = YES;
				GCC_WARN_UNUSED_VARIABLE = YES;
				IPHONEOS_DEPLOYMENT_TARGET = 10.0;
				MTL_ENABLE_DEBUG_INFO = NO;
				SDKROOT = iphoneos;
				SWIFT_OPTIMIZATION_LEVEL = "-Owholemodule";
				TARGETED_DEVICE_FAMILY = "1,2";
				VALIDATE_PRODUCT = YES;
			};
			name = Release;
		};
		EE6BB3E91DD136CE000BA1EE /* Debug */ = {
			isa = XCBuildConfiguration;
			buildSettings = {
				ASSETCATALOG_COMPILER_APPICON_NAME = AppIcon;
				INFOPLIST_FILE = Maps/Info.plist;
				LD_RUNPATH_SEARCH_PATHS = "$(inherited) @executable_path/Frameworks";
				PRODUCT_BUNDLE_IDENTIFIER = com.boyoung.Maps;
				PRODUCT_NAME = "$(TARGET_NAME)";
				SWIFT_VERSION = 3.0;
			};
			name = Debug;
		};
		EE6BB3EA1DD136CE000BA1EE /* Release */ = {
			isa = XCBuildConfiguration;
			buildSettings = {
				ASSETCATALOG_COMPILER_APPICON_NAME = AppIcon;
				INFOPLIST_FILE = Maps/Info.plist;
				LD_RUNPATH_SEARCH_PATHS = "$(inherited) @executable_path/Frameworks";
				PRODUCT_BUNDLE_IDENTIFIER = com.boyoung.Maps;
				PRODUCT_NAME = "$(TARGET_NAME)";
				SWIFT_VERSION = 3.0;
			};
			name = Release;
		};
/* End XCBuildConfiguration section */

/* Begin XCConfigurationList section */
		EE6BB3D11DD136CD000BA1EE /* Build configuration list for PBXProject "Maps" */ = {
			isa = XCConfigurationList;
			buildConfigurations = (
				EE6BB3E61DD136CE000BA1EE /* Debug */,
				EE6BB3E71DD136CE000BA1EE /* Release */,
			);
			defaultConfigurationIsVisible = 0;
			defaultConfigurationName = Release;
		};
		EE6BB3E81DD136CE000BA1EE /* Build configuration list for PBXNativeTarget "Maps" */ = {
			isa = XCConfigurationList;
			buildConfigurations = (
				EE6BB3E91DD136CE000BA1EE /* Debug */,
				EE6BB3EA1DD136CE000BA1EE /* Release */,
			);
			defaultConfigurationIsVisible = 0;
		};
/* End XCConfigurationList section */
	};
	rootObject = EE6BB3CE1DD136CD000BA1EE /* Project object */;
}
