// !$*UTF8*$!
{
	archiveVersion = 1;
	classes = {
	};
	objectVersion = 46;
	objects = {

/* Begin PBXBuildFile section */
		EE84209A1DD531C400BB3111 /* AppDelegate.swift in Sources */ = {isa = PBXBuildFile; fileRef = EE8420991DD531C400BB3111 /* AppDelegate.swift */; };
		EE84209C1DD531C400BB3111 /* ViewController.swift in Sources */ = {isa = PBXBuildFile; fileRef = EE84209B1DD531C400BB3111 /* ViewController.swift */; };
		EE84209F1DD531C400BB3111 /* Main.storyboard in Resources */ = {isa = PBXBuildFile; fileRef = EE84209D1DD531C400BB3111 /* Main.storyboard */; };
		EE8420A11DD531C400BB3111 /* Assets.xcassets in Resources */ = {isa = PBXBuildFile; fileRef = EE8420A01DD531C400BB3111 /* Assets.xcassets */; };
		EE8420A41DD531C400BB3111 /* LaunchScreen.storyboard in Resources */ = {isa = PBXBuildFile; fileRef = EE8420A21DD531C400BB3111 /* LaunchScreen.storyboard */; };
		EE8420AD1DD53B0A00BB3111 /* CoreMotion.framework in Frameworks */ = {isa = PBXBuildFile; fileRef = EE8420AC1DD53B0A00BB3111 /* CoreMotion.framework */; };
/* End PBXBuildFile section */

/* Begin PBXFileReference section */
		EE8420961DD531C400BB3111 /* AccelerometerAndGyroscope.app */ = {isa = PBXFileReference; explicitFileType = wrapper.application; includeInIndex = 0; path = AccelerometerAndGyroscope.app; sourceTree = BUILT_PRODUCTS_DIR; };
		EE8420991DD531C400BB3111 /* AppDelegate.swift */ = {isa = PBXFileReference; lastKnownFileType = sourcecode.swift; path = AppDelegate.swift; sourceTree = "<group>"; };
		EE84209B1DD531C400BB3111 /* ViewController.swift */ = {isa = PBXFileReference; lastKnownFileType = sourcecode.swift; path = ViewController.swift; sourceTree = "<group>"; };
		EE84209E1DD531C400BB3111 /* Base */ = {isa = PBXFileReference; lastKnownFileType = file.storyboard; name = Base; path = Base.lproj/Main.storyboard; sourceTree = "<group>"; };
		EE8420A01DD531C400BB3111 /* Assets.xcassets */ = {isa = PBXFileReference; lastKnownFileType = folder.assetcatalog; path = Assets.xcassets; sourceTree = "<group>"; };
		EE8420A31DD531C400BB3111 /* Base */ = {isa = PBXFileReference; lastKnownFileType = file.storyboard; name = Base; path = Base.lproj/LaunchScreen.storyboard; sourceTree = "<group>"; };
		EE8420A51DD531C400BB3111 /* Info.plist */ = {isa = PBXFileReference; lastKnownFileType = text.plist.xml; path = Info.plist; sourceTree = "<group>"; };
		EE8420AC1DD53B0A00BB3111 /* CoreMotion.framework */ = {isa = PBXFileReference; lastKnownFileType = wrapper.framework; name = CoreMotion.framework; path = System/Library/Frameworks/CoreMotion.framework; sourceTree = SDKROOT; };
/* End PBXFileReference section */

/* Begin PBXFrameworksBuildPhase section */
		EE8420931DD531C400BB3111 /* Frameworks */ = {
			isa = PBXFrameworksBuildPhase;
			buildActionMask = 2147483647;
			files = (
				EE8420AD1DD53B0A00BB3111 /* CoreMotion.framework in Frameworks */,
			);
			runOnlyForDeploymentPostprocessing = 0;
		};
/* End PBXFrameworksBuildPhase section */

/* Begin PBXGroup section */
		EE84208D1DD531C400BB3111 = {
			isa = PBXGroup;
			children = (
				EE8420981DD531C400BB3111 /* AccelerometerAndGyroscope */,
				EE8420971DD531C400BB3111 /* Products */,
				EE8420AB1DD53B0A00BB3111 /* Frameworks */,
			);
			sourceTree = "<group>";
		};
		EE8420971DD531C400BB3111 /* Products */ = {
			isa = PBXGroup;
			children = (
				EE8420961DD531C400BB3111 /* AccelerometerAndGyroscope.app */,
			);
			name = Products;
			sourceTree = "<group>";
		};
		EE8420981DD531C400BB3111 /* AccelerometerAndGyroscope */ = {
			isa = PBXGroup;
			children = (
				EE8420991DD531C400BB3111 /* AppDelegate.swift */,
				EE84209B1DD531C400BB3111 /* ViewController.swift */,
				EE84209D1DD531C400BB3111 /* Main.storyboard */,
				EE8420A01DD531C400BB3111 /* Assets.xcassets */,
				EE8420A21DD531C400BB3111 /* LaunchScreen.storyboard */,
				EE8420A51DD531C400BB3111 /* Info.plist */,
			);
			path = AccelerometerAndGyroscope;
			sourceTree = "<group>";
		};
		EE8420AB1DD53B0A00BB3111 /* Frameworks */ = {
			isa = PBXGroup;
			children = (
				EE8420AC1DD53B0A00BB3111 /* CoreMotion.framework */,
			);
			name = Frameworks;
			sourceTree = "<group>";
		};
/* End PBXGroup section */

/* Begin PBXNativeTarget section */
		EE8420951DD531C400BB3111 /* AccelerometerAndGyroscope */ = {
			isa = PBXNativeTarget;
			buildConfigurationList = EE8420A81DD531C400BB3111 /* Build configuration list for PBXNativeTarget "AccelerometerAndGyroscope" */;
			buildPhases = (
				EE8420921DD531C400BB3111 /* Sources */,
				EE8420931DD531C400BB3111 /* Frameworks */,
				EE8420941DD531C400BB3111 /* Resources */,
			);
			buildRules = (
			);
			dependencies = (
			);
			name = AccelerometerAndGyroscope;
			productName = AccelerometerAndGyroscope;
			productReference = EE8420961DD531C400BB3111 /* AccelerometerAndGyroscope.app */;
			productType = "com.apple.product-type.application";
		};
/* End PBXNativeTarget section */

/* Begin PBXProject section */
		EE84208E1DD531C400BB3111 /* Project object */ = {
			isa = PBXProject;
			attributes = {
				LastSwiftUpdateCheck = 0800;
				LastUpgradeCheck = 0800;
				ORGANIZATIONNAME = Boyoung;
				TargetAttributes = {
					EE8420951DD531C400BB3111 = {
						CreatedOnToolsVersion = 8.0;
						DevelopmentTeam = BY6NYBSV2A;
						ProvisioningStyle = Automatic;
					};
				};
			};
			buildConfigurationList = EE8420911DD531C400BB3111 /* Build configuration list for PBXProject "AccelerometerAndGyroscope" */;
			compatibilityVersion = "Xcode 3.2";
			developmentRegion = English;
			hasScannedForEncodings = 0;
			knownRegions = (
				en,
				Base,
			);
			mainGroup = EE84208D1DD531C400BB3111;
			productRefGroup = EE8420971DD531C400BB3111 /* Products */;
			projectDirPath = "";
			projectRoot = "";
			targets = (
				EE8420951DD531C400BB3111 /* AccelerometerAndGyroscope */,
			);
		};
/* End PBXProject section */

/* Begin PBXResourcesBuildPhase section */
		EE8420941DD531C400BB3111 /* Resources */ = {
			isa = PBXResourcesBuildPhase;
			buildActionMask = 2147483647;
			files = (
				EE8420A41DD531C400BB3111 /* LaunchScreen.storyboard in Resources */,
				EE8420A11DD531C400BB3111 /* Assets.xcassets in Resources */,
				EE84209F1DD531C400BB3111 /* Main.storyboard in Resources */,
			);
			runOnlyForDeploymentPostprocessing = 0;
		};
/* End PBXResourcesBuildPhase section */

/* Begin PBXSourcesBuildPhase section */
		EE8420921DD531C400BB3111 /* Sources */ = {
			isa = PBXSourcesBuildPhase;
			buildActionMask = 2147483647;
			files = (
				EE84209C1DD531C400BB3111 /* ViewController.swift in Sources */,
				EE84209A1DD531C400BB3111 /* AppDelegate.swift in Sources */,
			);
			runOnlyForDeploymentPostprocessing = 0;
		};
/* End PBXSourcesBuildPhase section */

/* Begin PBXVariantGroup section */
		EE84209D1DD531C400BB3111 /* Main.storyboard */ = {
			isa = PBXVariantGroup;
			children = (
				EE84209E1DD531C400BB3111 /* Base */,
			);
			name = Main.storyboard;
			sourceTree = "<group>";
		};
		EE8420A21DD531C400BB3111 /* LaunchScreen.storyboard */ = {
			isa = PBXVariantGroup;
			children = (
				EE8420A31DD531C400BB3111 /* Base */,
			);
			name = LaunchScreen.storyboard;
			sourceTree = "<group>";
		};
/* End PBXVariantGroup section */

/* Begin XCBuildConfiguration section */
		EE8420A61DD531C400BB3111 /* Debug */ = {
			isa = XCBuildConfiguration;
			buildSettings = {
				ALWAYS_SEARCH_USER_PATHS = NO;
				CLANG_ANALYZER_NONNULL = YES;
				CLANG_CXX_LANGUAGE_STANDARD = "gnu++0x";
				CLANG_CXX_LIBRARY = "libc++";
				CLANG_ENABLE_MODULES = YES;
				CLANG_ENABLE_OBJC_ARC = YES;
				CLANG_WARN_BOOL_CONVERSION = YES;
				CLANG_WARN_CONSTANT_CONVERSION = YES;
				CLANG_WARN_DIRECT_OBJC_ISA_USAGE = YES_ERROR;
				CLANG_WARN_DOCUMENTATION_COMMENTS = YES;
				CLANG_WARN_EMPTY_BODY = YES;
				CLANG_WARN_ENUM_CONVERSION = YES;
				CLANG_WARN_INFINITE_RECURSION = YES;
				CLANG_WARN_INT_CONVERSION = YES;
				CLANG_WARN_OBJC_ROOT_CLASS = YES_ERROR;
				CLANG_WARN_SUSPICIOUS_MOVES = YES;
				CLANG_WARN_UNREACHABLE_CODE = YES;
				CLANG_WARN__DUPLICATE_METHOD_MATCH = YES;
				"CODE_SIGN_IDENTITY[sdk=iphoneos*]" = "iPhone Developer";
				COPY_PHASE_STRIP = NO;
				DEBUG_INFORMATION_FORMAT = dwarf;
				ENABLE_STRICT_OBJC_MSGSEND = YES;
				ENABLE_TESTABILITY = YES;
				GCC_C_LANGUAGE_STANDARD = gnu99;
				GCC_DYNAMIC_NO_PIC = NO;
				GCC_NO_COMMON_BLOCKS = YES;
				GCC_OPTIMIZATION_LEVEL = 0;
				GCC_PREPROCESSOR_DEFINITIONS = (
					"DEBUG=1",
					"$(inherited)",
				);
				GCC_WARN_64_TO_32_BIT_CONVERSION = YES;
				GCC_WARN_ABOUT_RETURN_TYPE = YES_ERROR;
				GCC_WARN_UNDECLARED_SELECTOR = YES;
				GCC_WARN_UNINITIALIZED_AUTOS = YES_AGGRESSIVE;
				GCC_WARN_UNUSED_FUNCTION = YES;
				GCC_WARN_UNUSED_VARIABLE = YES;
				IPHONEOS_DEPLOYMENT_TARGET = 10.0;
				MTL_ENABLE_DEBUG_INFO = YES;
				ONLY_ACTIVE_ARCH = YES;
				SDKROOT = iphoneos;
				SWIFT_ACTIVE_COMPILATION_CONDITIONS = DEBUG;
				SWIFT_OPTIMIZATION_LEVEL = "-Onone";
				TARGETED_DEVICE_FAMILY = "1,2";
			};
			name = Debug;
		};
		EE8420A71DD531C400BB3111 /* Release */ = {
			isa = XCBuildConfiguration;
			buildSettings = {
				ALWAYS_SEARCH_USER_PATHS = NO;
				CLANG_ANALYZER_NONNULL = YES;
				CLANG_CXX_LANGUAGE_STANDARD = "gnu++0x";
				CLANG_CXX_LIBRARY = "libc++";
				CLANG_ENABLE_MODULES = YES;
				CLANG_ENABLE_OBJC_ARC = YES;
				CLANG_WARN_BOOL_CONVERSION = YES;
				CLANG_WARN_CONSTANT_CONVERSION = YES;
				CLANG_WARN_DIRECT_OBJC_ISA_USAGE = YES_ERROR;
				CLANG_WARN_DOCUMENTATION_COMMENTS = YES;
				CLANG_WARN_EMPTY_BODY = YES;
				CLANG_WARN_ENUM_CONVERSION = YES;
				CLANG_WARN_INFINITE_RECURSION = YES;
				CLANG_WARN_INT_CONVERSION = YES;
				CLANG_WARN_OBJC_ROOT_CLASS = YES_ERROR;
				CLANG_WARN_SUSPICIOUS_MOVES = YES;
				CLANG_WARN_UNREACHABLE_CODE = YES;
				CLANG_WARN__DUPLICATE_METHOD_MATCH = YES;
				"CODE_SIGN_IDENTITY[sdk=iphoneos*]" = "iPhone Developer";
				COPY_PHASE_STRIP = NO;
				DEBUG_INFORMATION_FORMAT = "dwarf-with-dsym";
				ENABLE_NS_ASSERTIONS = NO;
				ENABLE_STRICT_OBJC_MSGSEND = YES;
				GCC_C_LANGUAGE_STANDARD = gnu99;
				GCC_NO_COMMON_BLOCKS = YES;
				GCC_WARN_64_TO_32_BIT_CONVERSION = YES;
				GCC_WARN_ABOUT_RETURN_TYPE = YES_ERROR;
				GCC_WARN_UNDECLARED_SELECTOR = YES;
				GCC_WARN_UNINITIALIZED_AUTOS = YES_AGGRESSIVE;
				GCC_WARN_UNUSED_FUNCTION = YES;
				GCC_WARN_UNUSED_VARIABLE = YES;
				IPHONEOS_DEPLOYMENT_TARGET = 10.0;
				MTL_ENABLE_DEBUG_INFO = NO;
				SDKROOT = iphoneos;
				SWIFT_OPTIMIZATION_LEVEL = "-Owholemodule";
				TARGETED_DEVICE_FAMILY = "1,2";
				VALIDATE_PRODUCT = YES;
			};
			name = Release;
		};
		EE8420A91DD531C400BB3111 /* Debug */ = {
			isa = XCBuildConfiguration;
			buildSettings = {
				ASSETCATALOG_COMPILER_APPICON_NAME = AppIcon;
				DEVELOPMENT_TEAM = BY6NYBSV2A;
				INFOPLIST_FILE = AccelerometerAndGyroscope/Info.plist;
				IPHONEOS_DEPLOYMENT_TARGET = 9.3;
				LD_RUNPATH_SEARCH_PATHS = "$(inherited) @executable_path/Frameworks";
				PRODUCT_BUNDLE_IDENTIFIER = com.boyoung.AccelerometerAndGyroscope;
				PRODUCT_NAME = "$(TARGET_NAME)";
				SWIFT_VERSION = 3.0;
			};
			name = Debug;
		};
		EE8420AA1DD531C400BB3111 /* Release */ = {
			isa = XCBuildConfiguration;
			buildSettings = {
				ASSETCATALOG_COMPILER_APPICON_NAME = AppIcon;
				DEVELOPMENT_TEAM = BY6NYBSV2A;
				INFOPLIST_FILE = AccelerometerAndGyroscope/Info.plist;
				IPHONEOS_DEPLOYMENT_TARGET = 9.3;
				LD_RUNPATH_SEARCH_PATHS = "$(inherited) @executable_path/Frameworks";
				PRODUCT_BUNDLE_IDENTIFIER = com.boyoung.AccelerometerAndGyroscope;
				PRODUCT_NAME = "$(TARGET_NAME)";
				SWIFT_VERSION = 3.0;
			};
			name = Release;
		};
/* End XCBuildConfiguration section */

/* Begin XCConfigurationList section */
		EE8420911DD531C400BB3111 /* Build configuration list for PBXProject "AccelerometerAndGyroscope" */ = {
			isa = XCConfigurationList;
			buildConfigurations = (
				EE8420A61DD531C400BB3111 /* Debug */,
				EE8420A71DD531C400BB3111 /* Release */,
			);
			defaultConfigurationIsVisible = 0;
			defaultConfigurationName = Release;
		};
		EE8420A81DD531C400BB3111 /* Build configuration list for PBXNativeTarget "AccelerometerAndGyroscope" */ = {
			isa = XCConfigurationList;
			buildConfigurations = (
				EE8420A91DD531C400BB3111 /* Debug */,
				EE8420AA1DD531C400BB3111 /* Release */,
			);
			defaultConfigurationIsVisible = 0;
			defaultConfigurationName = Release;
		};
/* End XCConfigurationList section */
	};
	rootObject = EE84208E1DD531C400BB3111 /* Project object */;
}
