// !$*UTF8*$!
{
	archiveVersion = 1;
	classes = {
	};
	objectVersion = 46;
	objects = {

/* Begin PBXBuildFile section */
		25C654041DF0D98C00B344FF /* AppDelegate.swift in Sources */ = {isa = PBXBuildFile; fileRef = 25C654031DF0D98C00B344FF /* AppDelegate.swift */; };
		25C654061DF0D98C00B344FF /* ViewController.swift in Sources */ = {isa = PBXBuildFile; fileRef = 25C654051DF0D98C00B344FF /* ViewController.swift */; };
		25C654091DF0D98C00B344FF /* Main.storyboard in Resources */ = {isa = PBXBuildFile; fileRef = 25C654071DF0D98C00B344FF /* Main.storyboard */; };
		25C6540C1DF0D98C00B344FF /* CoreDataExample.xcdatamodeld in Sources */ = {isa = PBXBuildFile; fileRef = 25C6540A1DF0D98C00B344FF /* CoreDataExample.xcdatamodeld */; };
		25C6540E1DF0D98C00B344FF /* Assets.xcassets in Resources */ = {isa = PBXBuildFile; fileRef = 25C6540D1DF0D98C00B344FF /* Assets.xcassets */; };
		25C654111DF0D98C00B344FF /* LaunchScreen.storyboard in Resources */ = {isa = PBXBuildFile; fileRef = 25C6540F1DF0D98C00B344FF /* LaunchScreen.storyboard */; };
/* End PBXBuildFile section */

/* Begin PBXFileReference section */
		25C654001DF0D98C00B344FF /* CoreDataExample.app */ = {isa = PBXFileReference; explicitFileType = wrapper.application; includeInIndex = 0; path = CoreDataExample.app; sourceTree = BUILT_PRODUCTS_DIR; };
		25C654031DF0D98C00B344FF /* AppDelegate.swift */ = {isa = PBXFileReference; lastKnownFileType = sourcecode.swift; path = AppDelegate.swift; sourceTree = "<group>"; };
		25C654051DF0D98C00B344FF /* ViewController.swift */ = {isa = PBXFileReference; lastKnownFileType = sourcecode.swift; path = ViewController.swift; sourceTree = "<group>"; };
		25C654081DF0D98C00B344FF /* Base */ = {isa = PBXFileReference; lastKnownFileType = file.storyboard; name = Base; path = Base.lproj/Main.storyboard; sourceTree = "<group>"; };
		25C6540B1DF0D98C00B344FF /* CoreDataExample.xcdatamodel */ = {isa = PBXFileReference; lastKnownFileType = wrapper.xcdatamodel; path = CoreDataExample.xcdatamodel; sourceTree = "<group>"; };
		25C6540D1DF0D98C00B344FF /* Assets.xcassets */ = {isa = PBXFileReference; lastKnownFileType = folder.assetcatalog; path = Assets.xcassets; sourceTree = "<group>"; };
		25C654101DF0D98C00B344FF /* Base */ = {isa = PBXFileReference; lastKnownFileType = file.storyboard; name = Base; path = Base.lproj/LaunchScreen.storyboard; sourceTree = "<group>"; };
		25C654121DF0D98C00B344FF /* Info.plist */ = {isa = PBXFileReference; lastKnownFileType = text.plist.xml; path = Info.plist; sourceTree = "<group>"; };
/* End PBXFileReference section */

/* Begin PBXFrameworksBuildPhase section */
		25C653FD1DF0D98C00B344FF /* Frameworks */ = {
			isa = PBXFrameworksBuildPhase;
			buildActionMask = 2147483647;
			files = (
			);
			runOnlyForDeploymentPostprocessing = 0;
		};
/* End PBXFrameworksBuildPhase section */

/* Begin PBXGroup section */
		25C653F71DF0D98C00B344FF = {
			isa = PBXGroup;
			children = (
				25C654021DF0D98C00B344FF /* CoreDataExample */,
				25C654011DF0D98C00B344FF /* Products */,
			);
			sourceTree = "<group>";
		};
		25C654011DF0D98C00B344FF /* Products */ = {
			isa = PBXGroup;
			children = (
				25C654001DF0D98C00B344FF /* CoreDataExample.app */,
			);
			name = Products;
			sourceTree = "<group>";
		};
		25C654021DF0D98C00B344FF /* CoreDataExample */ = {
			isa = PBXGroup;
			children = (
				25C654031DF0D98C00B344FF /* AppDelegate.swift */,
				25C654051DF0D98C00B344FF /* ViewController.swift */,
				25C654071DF0D98C00B344FF /* Main.storyboard */,
				25C6540D1DF0D98C00B344FF /* Assets.xcassets */,
				25C6540F1DF0D98C00B344FF /* LaunchScreen.storyboard */,
				25C654121DF0D98C00B344FF /* Info.plist */,
				25C6540A1DF0D98C00B344FF /* CoreDataExample.xcdatamodeld */,
			);
			path = CoreDataExample;
			sourceTree = "<group>";
		};
/* End PBXGroup section */

/* Begin PBXNativeTarget section */
		25C653FF1DF0D98C00B344FF /* CoreDataExample */ = {
			isa = PBXNativeTarget;
			buildConfigurationList = 25C654151DF0D98C00B344FF /* Build configuration list for PBXNativeTarget "CoreDataExample" */;
			buildPhases = (
				25C653FC1DF0D98C00B344FF /* Sources */,
				25C653FD1DF0D98C00B344FF /* Frameworks */,
				25C653FE1DF0D98C00B344FF /* Resources */,
			);
			buildRules = (
			);
			dependencies = (
			);
			name = CoreDataExample;
			productName = CoreDataExample;
			productReference = 25C654001DF0D98C00B344FF /* CoreDataExample.app */;
			productType = "com.apple.product-type.application";
		};
/* End PBXNativeTarget section */

/* Begin PBXProject section */
		25C653F81DF0D98C00B344FF /* Project object */ = {
			isa = PBXProject;
			attributes = {
				LastSwiftUpdateCheck = 0810;
				LastUpgradeCheck = 0810;
				ORGANIZATIONNAME = "Ideia do Luiz";
				TargetAttributes = {
					25C653FF1DF0D98C00B344FF = {
						CreatedOnToolsVersion = 8.1;
						DevelopmentTeam = SXSRVAX2S3;
						ProvisioningStyle = Automatic;
					};
				};
			};
			buildConfigurationList = 25C653FB1DF0D98C00B344FF /* Build configuration list for PBXProject "CoreDataExample" */;
			compatibilityVersion = "Xcode 3.2";
			developmentRegion = English;
			hasScannedForEncodings = 0;
			knownRegions = (
				en,
				Base,
			);
			mainGroup = 25C653F71DF0D98C00B344FF;
			productRefGroup = 25C654011DF0D98C00B344FF /* Products */;
			projectDirPath = "";
			projectRoot = "";
			targets = (
				25C653FF1DF0D98C00B344FF /* CoreDataExample */,
			);
		};
/* End PBXProject section */

/* Begin PBXResourcesBuildPhase section */
		25C653FE1DF0D98C00B344FF /* Resources */ = {
			isa = PBXResourcesBuildPhase;
			buildActionMask = 2147483647;
			files = (
				25C654111DF0D98C00B344FF /* LaunchScreen.storyboard in Resources */,
				25C6540E1DF0D98C00B344FF /* Assets.xcassets in Resources */,
				25C654091DF0D98C00B344FF /* Main.storyboard in Resources */,
			);
			runOnlyForDeploymentPostprocessing = 0;
		};
/* End PBXResourcesBuildPhase section */

/* Begin PBXSourcesBuildPhase section */
		25C653FC1DF0D98C00B344FF /* Sources */ = {
			isa = PBXSourcesBuildPhase;
			buildActionMask = 2147483647;
			files = (
				25C654061DF0D98C00B344FF /* ViewController.swift in Sources */,
				25C654041DF0D98C00B344FF /* AppDelegate.swift in Sources */,
				25C6540C1DF0D98C00B344FF /* CoreDataExample.xcdatamodeld in Sources */,
			);
			runOnlyForDeploymentPostprocessing = 0;
		};
/* End PBXSourcesBuildPhase section */

/* Begin PBXVariantGroup section */
		25C654071DF0D98C00B344FF /* Main.storyboard */ = {
			isa = PBXVariantGroup;
			children = (
				25C654081DF0D98C00B344FF /* Base */,
			);
			name = Main.storyboard;
			sourceTree = "<group>";
		};
		25C6540F1DF0D98C00B344FF /* LaunchScreen.storyboard */ = {
			isa = PBXVariantGroup;
			children = (
				25C654101DF0D98C00B344FF /* Base */,
			);
			name = LaunchScreen.storyboard;
			sourceTree = "<group>";
		};
/* End PBXVariantGroup section */

/* Begin XCBuildConfiguration section */
		25C654131DF0D98C00B344FF /* Debug */ = {
			isa = XCBuildConfiguration;
			buildSettings = {
				ALWAYS_SEARCH_USER_PATHS = NO;
				CLANG_ANALYZER_NONNULL = YES;
				CLANG_CXX_LANGUAGE_STANDARD = "gnu++0x";
				CLANG_CXX_LIBRARY = "libc++";
				CLANG_ENABLE_MODULES = YES;
				CLANG_ENABLE_OBJC_ARC = YES;
				CLANG_WARN_BOOL_CONVERSION = YES;
				CLANG_WARN_CONSTANT_CONVERSION = YES;
				CLANG_WARN_DIRECT_OBJC_ISA_USAGE = YES_ERROR;
				CLANG_WARN_DOCUMENTATION_COMMENTS = YES;
				CLANG_WARN_EMPTY_BODY = YES;
				CLANG_WARN_ENUM_CONVERSION = YES;
				CLANG_WARN_INFINITE_RECURSION = YES;
				CLANG_WARN_INT_CONVERSION = YES;
				CLANG_WARN_OBJC_ROOT_CLASS = YES_ERROR;
				CLANG_WARN_SUSPICIOUS_MOVES = YES;
				CLANG_WARN_UNREACHABLE_CODE = YES;
				CLANG_WARN__DUPLICATE_METHOD_MATCH = YES;
				"CODE_SIGN_IDENTITY[sdk=iphoneos*]" = "iPhone Developer";
				COPY_PHASE_STRIP = NO;
				DEBUG_INFORMATION_FORMAT = dwarf;
				ENABLE_STRICT_OBJC_MSGSEND = YES;
				ENABLE_TESTABILITY = YES;
				GCC_C_LANGUAGE_STANDARD = gnu99;
				GCC_DYNAMIC_NO_PIC = NO;
				GCC_NO_COMMON_BLOCKS = YES;
				GCC_OPTIMIZATION_LEVEL = 0;
				GCC_PREPROCESSOR_DEFINITIONS = (
					"DEBUG=1",
					"$(inherited)",
				);
				GCC_WARN_64_TO_32_BIT_CONVERSION = YES;
				GCC_WARN_ABOUT_RETURN_TYPE = YES_ERROR;
				GCC_WARN_UNDECLARED_SELECTOR = YES;
				GCC_WARN_UNINITIALIZED_AUTOS = YES_AGGRESSIVE;
				GCC_WARN_UNUSED_FUNCTION = YES;
				GCC_WARN_UNUSED_VARIABLE = YES;
				IPHONEOS_DEPLOYMENT_TARGET = 10.1;
				MTL_ENABLE_DEBUG_INFO = YES;
				ONLY_ACTIVE_ARCH = YES;
				SDKROOT = iphoneos;
				SWIFT_ACTIVE_COMPILATION_CONDITIONS = DEBUG;
				SWIFT_OPTIMIZATION_LEVEL = "-Onone";
				TARGETED_DEVICE_FAMILY = "1,2";
			};
			name = Debug;
		};
		25C654141DF0D98C00B344FF /* Release */ = {
			isa = XCBuildConfiguration;
			buildSettings = {
				ALWAYS_SEARCH_USER_PATHS = NO;
				CLANG_ANALYZER_NONNULL = YES;
				CLANG_CXX_LANGUAGE_STANDARD = "gnu++0x";
				CLANG_CXX_LIBRARY = "libc++";
				CLANG_ENABLE_MODULES = YES;
				CLANG_ENABLE_OBJC_ARC = YES;
				CLANG_WARN_BOOL_CONVERSION = YES;
				CLANG_WARN_CONSTANT_CONVERSION = YES;
				CLANG_WARN_DIRECT_OBJC_ISA_USAGE = YES_ERROR;
				CLANG_WARN_DOCUMENTATION_COMMENTS = YES;
				CLANG_WARN_EMPTY_BODY = YES;
				CLANG_WARN_ENUM_CONVERSION = YES;
				CLANG_WARN_INFINITE_RECURSION = YES;
				CLANG_WARN_INT_CONVERSION = YES;
				CLANG_WARN_OBJC_ROOT_CLASS = YES_ERROR;
				CLANG_WARN_SUSPICIOUS_MOVES = YES;
				CLANG_WARN_UNREACHABLE_CODE = YES;
				CLANG_WARN__DUPLICATE_METHOD_MATCH = YES;
				"CODE_SIGN_IDENTITY[sdk=iphoneos*]" = "iPhone Developer";
				COPY_PHASE_STRIP = NO;
				DEBUG_INFORMATION_FORMAT = "dwarf-with-dsym";
				ENABLE_NS_ASSERTIONS = NO;
				ENABLE_STRICT_OBJC_MSGSEND = YES;
				GCC_C_LANGUAGE_STANDARD = gnu99;
				GCC_NO_COMMON_BLOCKS = YES;
				GCC_WARN_64_TO_32_BIT_CONVERSION = YES;
				GCC_WARN_ABOUT_RETURN_TYPE = YES_ERROR;
				GCC_WARN_UNDECLARED_SELECTOR = YES;
				GCC_WARN_UNINITIALIZED_AUTOS = YES_AGGRESSIVE;
				GCC_WARN_UNUSED_FUNCTION = YES;
				GCC_WARN_UNUSED_VARIABLE = YES;
				IPHONEOS_DEPLOYMENT_TARGET = 10.1;
				MTL_ENABLE_DEBUG_INFO = NO;
				SDKROOT = iphoneos;
				SWIFT_OPTIMIZATION_LEVEL = "-Owholemodule";
				TARGETED_DEVICE_FAMILY = "1,2";
				VALIDATE_PRODUCT = YES;
			};
			name = Release;
		};
		25C654161DF0D98C00B344FF /* Debug */ = {
			isa = XCBuildConfiguration;
			buildSettings = {
				ASSETCATALOG_COMPILER_APPICON_NAME = AppIcon;
				DEVELOPMENT_TEAM = SXSRVAX2S3;
				INFOPLIST_FILE = CoreDataExample/Info.plist;
				LD_RUNPATH_SEARCH_PATHS = "$(inherited) @executable_path/Frameworks";
				PRODUCT_BUNDLE_IDENTIFIER = com.ideiadoluiz.CoreDataExample;
				PRODUCT_NAME = "$(TARGET_NAME)";
				SWIFT_VERSION = 3.0;
			};
			name = Debug;
		};
		25C654171DF0D98C00B344FF /* Release */ = {
			isa = XCBuildConfiguration;
			buildSettings = {
				ASSETCATALOG_COMPILER_APPICON_NAME = AppIcon;
				DEVELOPMENT_TEAM = SXSRVAX2S3;
				INFOPLIST_FILE = CoreDataExample/Info.plist;
				LD_RUNPATH_SEARCH_PATHS = "$(inherited) @executable_path/Frameworks";
				PRODUCT_BUNDLE_IDENTIFIER = com.ideiadoluiz.CoreDataExample;
				PRODUCT_NAME = "$(TARGET_NAME)";
				SWIFT_VERSION = 3.0;
			};
			name = Release;
		};
/* End XCBuildConfiguration section */

/* Begin XCConfigurationList section */
		25C653FB1DF0D98C00B344FF /* Build configuration list for PBXProject "CoreDataExample" */ = {
			isa = XCConfigurationList;
			buildConfigurations = (
				25C654131DF0D98C00B344FF /* Debug */,
				25C654141DF0D98C00B344FF /* Release */,
			);
			defaultConfigurationIsVisible = 0;
			defaultConfigurationName = Release;
		};
		25C654151DF0D98C00B344FF /* Build configuration list for PBXNativeTarget "CoreDataExample" */ = {
			isa = XCConfigurationList;
			buildConfigurations = (
				25C654161DF0D98C00B344FF /* Debug */,
				25C654171DF0D98C00B344FF /* Release */,
			);
			defaultConfigurationIsVisible = 0;
		};
/* End XCConfigurationList section */

/* Begin XCVersionGroup section */
		25C6540A1DF0D98C00B344FF /* CoreDataExample.xcdatamodeld */ = {
			isa = XCVersionGroup;
			children = (
				25C6540B1DF0D98C00B344FF /* CoreDataExample.xcdatamodel */,
			);
			currentVersion = 25C6540B1DF0D98C00B344FF /* CoreDataExample.xcdatamodel */;
			path = CoreDataExample.xcdatamodeld;
			sourceTree = "<group>";
			versionGroupType = wrapper.xcdatamodel;
		};
/* End XCVersionGroup section */
	};
	rootObject = 25C653F81DF0D98C00B344FF /* Project object */;
}
