// !$*UTF8*$!
{
	archiveVersion = 1;
	classes = {
	};
	objectVersion = 46;
	objects = {

/* Begin PBXBuildFile section */
		25F7DAC31DDD10440099B56C /* AppDelegate.swift in Sources */ = {isa = PBXBuildFile; fileRef = 25F7DAC21DDD10440099B56C /* AppDelegate.swift */; };
		25F7DAC51DDD10440099B56C /* ViewController.swift in Sources */ = {isa = PBXBuildFile; fileRef = 25F7DAC41DDD10440099B56C /* ViewController.swift */; };
		25F7DAC81DDD10440099B56C /* Main.storyboard in Resources */ = {isa = PBXBuildFile; fileRef = 25F7DAC61DDD10440099B56C /* Main.storyboard */; };
		25F7DACA1DDD10440099B56C /* Assets.xcassets in Resources */ = {isa = PBXBuildFile; fileRef = 25F7DAC91DDD10440099B56C /* Assets.xcassets */; };
		25F7DACD1DDD10440099B56C /* LaunchScreen.storyboard in Resources */ = {isa = PBXBuildFile; fileRef = 25F7DACB1DDD10440099B56C /* LaunchScreen.storyboard */; };
		25F7DAD51DDD11910099B56C /* DataSourceHelper.swift in Sources */ = {isa = PBXBuildFile; fileRef = 25F7DAD41DDD11910099B56C /* DataSourceHelper.swift */; };
		25F7DAD71DDD15250099B56C /* Person.swift in Sources */ = {isa = PBXBuildFile; fileRef = 25F7DAD61DDD15250099B56C /* Person.swift */; };
/* End PBXBuildFile section */

/* Begin PBXFileReference section */
		25F7DABF1DDD10440099B56C /* SavingWithNSCoding.app */ = {isa = PBXFileReference; explicitFileType = wrapper.application; includeInIndex = 0; path = SavingWithNSCoding.app; sourceTree = BUILT_PRODUCTS_DIR; };
		25F7DAC21DDD10440099B56C /* AppDelegate.swift */ = {isa = PBXFileReference; lastKnownFileType = sourcecode.swift; path = AppDelegate.swift; sourceTree = "<group>"; };
		25F7DAC41DDD10440099B56C /* ViewController.swift */ = {isa = PBXFileReference; lastKnownFileType = sourcecode.swift; path = ViewController.swift; sourceTree = "<group>"; };
		25F7DAC71DDD10440099B56C /* Base */ = {isa = PBXFileReference; lastKnownFileType = file.storyboard; name = Base; path = Base.lproj/Main.storyboard; sourceTree = "<group>"; };
		25F7DAC91DDD10440099B56C /* Assets.xcassets */ = {isa = PBXFileReference; lastKnownFileType = folder.assetcatalog; path = Assets.xcassets; sourceTree = "<group>"; };
		25F7DACC1DDD10440099B56C /* Base */ = {isa = PBXFileReference; lastKnownFileType = file.storyboard; name = Base; path = Base.lproj/LaunchScreen.storyboard; sourceTree = "<group>"; };
		25F7DACE1DDD10440099B56C /* Info.plist */ = {isa = PBXFileReference; lastKnownFileType = text.plist.xml; path = Info.plist; sourceTree = "<group>"; };
		25F7DAD41DDD11910099B56C /* DataSourceHelper.swift */ = {isa = PBXFileReference; fileEncoding = 4; lastKnownFileType = sourcecode.swift; path = DataSourceHelper.swift; sourceTree = "<group>"; };
		25F7DAD61DDD15250099B56C /* Person.swift */ = {isa = PBXFileReference; fileEncoding = 4; lastKnownFileType = sourcecode.swift; path = Person.swift; sourceTree = "<group>"; };
/* End PBXFileReference section */

/* Begin PBXFrameworksBuildPhase section */
		25F7DABC1DDD10430099B56C /* Frameworks */ = {
			isa = PBXFrameworksBuildPhase;
			buildActionMask = 2147483647;
			files = (
			);
			runOnlyForDeploymentPostprocessing = 0;
		};
/* End PBXFrameworksBuildPhase section */

/* Begin PBXGroup section */
		25F7DAB61DDD10430099B56C = {
			isa = PBXGroup;
			children = (
				25F7DAC11DDD10440099B56C /* SavingWithNSCoding */,
				25F7DAC01DDD10440099B56C /* Products */,
			);
			sourceTree = "<group>";
		};
		25F7DAC01DDD10440099B56C /* Products */ = {
			isa = PBXGroup;
			children = (
				25F7DABF1DDD10440099B56C /* SavingWithNSCoding.app */,
			);
			name = Products;
			sourceTree = "<group>";
		};
		25F7DAC11DDD10440099B56C /* SavingWithNSCoding */ = {
			isa = PBXGroup;
			children = (
				25F7DAC21DDD10440099B56C /* AppDelegate.swift */,
				25F7DAC41DDD10440099B56C /* ViewController.swift */,
				25F7DAC61DDD10440099B56C /* Main.storyboard */,
				25F7DAC91DDD10440099B56C /* Assets.xcassets */,
				25F7DACB1DDD10440099B56C /* LaunchScreen.storyboard */,
				25F7DACE1DDD10440099B56C /* Info.plist */,
				25F7DAD41DDD11910099B56C /* DataSourceHelper.swift */,
				25F7DAD61DDD15250099B56C /* Person.swift */,
			);
			path = SavingWithNSCoding;
			sourceTree = "<group>";
		};
/* End PBXGroup section */

/* Begin PBXNativeTarget section */
		25F7DABE1DDD10430099B56C /* SavingWithNSCoding */ = {
			isa = PBXNativeTarget;
			buildConfigurationList = 25F7DAD11DDD10440099B56C /* Build configuration list for PBXNativeTarget "SavingWithNSCoding" */;
			buildPhases = (
				25F7DABB1DDD10430099B56C /* Sources */,
				25F7DABC1DDD10430099B56C /* Frameworks */,
				25F7DABD1DDD10430099B56C /* Resources */,
			);
			buildRules = (
			);
			dependencies = (
			);
			name = SavingWithNSCoding;
			productName = SavingWithNSCoding;
			productReference = 25F7DABF1DDD10440099B56C /* SavingWithNSCoding.app */;
			productType = "com.apple.product-type.application";
		};
/* End PBXNativeTarget section */

/* Begin PBXProject section */
		25F7DAB71DDD10430099B56C /* Project object */ = {
			isa = PBXProject;
			attributes = {
				LastSwiftUpdateCheck = 0810;
				LastUpgradeCheck = 0810;
				ORGANIZATIONNAME = "Ideia do Luiz";
				TargetAttributes = {
					25F7DABE1DDD10430099B56C = {
						CreatedOnToolsVersion = 8.1;
						DevelopmentTeam = SXSRVAX2S3;
						ProvisioningStyle = Automatic;
					};
				};
			};
			buildConfigurationList = 25F7DABA1DDD10430099B56C /* Build configuration list for PBXProject "SavingWithNSCoding" */;
			compatibilityVersion = "Xcode 3.2";
			developmentRegion = English;
			hasScannedForEncodings = 0;
			knownRegions = (
				en,
				Base,
			);
			mainGroup = 25F7DAB61DDD10430099B56C;
			productRefGroup = 25F7DAC01DDD10440099B56C /* Products */;
			projectDirPath = "";
			projectRoot = "";
			targets = (
				25F7DABE1DDD10430099B56C /* SavingWithNSCoding */,
			);
		};
/* End PBXProject section */

/* Begin PBXResourcesBuildPhase section */
		25F7DABD1DDD10430099B56C /* Resources */ = {
			isa = PBXResourcesBuildPhase;
			buildActionMask = 2147483647;
			files = (
				25F7DACD1DDD10440099B56C /* LaunchScreen.storyboard in Resources */,
				25F7DACA1DDD10440099B56C /* Assets.xcassets in Resources */,
				25F7DAC81DDD10440099B56C /* Main.storyboard in Resources */,
			);
			runOnlyForDeploymentPostprocessing = 0;
		};
/* End PBXResourcesBuildPhase section */

/* Begin PBXSourcesBuildPhase section */
		25F7DABB1DDD10430099B56C /* Sources */ = {
			isa = PBXSourcesBuildPhase;
			buildActionMask = 2147483647;
			files = (
				25F7DAD51DDD11910099B56C /* DataSourceHelper.swift in Sources */,
				25F7DAC51DDD10440099B56C /* ViewController.swift in Sources */,
				25F7DAD71DDD15250099B56C /* Person.swift in Sources */,
				25F7DAC31DDD10440099B56C /* AppDelegate.swift in Sources */,
			);
			runOnlyForDeploymentPostprocessing = 0;
		};
/* End PBXSourcesBuildPhase section */

/* Begin PBXVariantGroup section */
		25F7DAC61DDD10440099B56C /* Main.storyboard */ = {
			isa = PBXVariantGroup;
			children = (
				25F7DAC71DDD10440099B56C /* Base */,
			);
			name = Main.storyboard;
			sourceTree = "<group>";
		};
		25F7DACB1DDD10440099B56C /* LaunchScreen.storyboard */ = {
			isa = PBXVariantGroup;
			children = (
				25F7DACC1DDD10440099B56C /* Base */,
			);
			name = LaunchScreen.storyboard;
			sourceTree = "<group>";
		};
/* End PBXVariantGroup section */

/* Begin XCBuildConfiguration section */
		25F7DACF1DDD10440099B56C /* Debug */ = {
			isa = XCBuildConfiguration;
			buildSettings = {
				ALWAYS_SEARCH_USER_PATHS = NO;
				CLANG_ANALYZER_NONNULL = YES;
				CLANG_CXX_LANGUAGE_STANDARD = "gnu++0x";
				CLANG_CXX_LIBRARY = "libc++";
				CLANG_ENABLE_MODULES = YES;
				CLANG_ENABLE_OBJC_ARC = YES;
				CLANG_WARN_BOOL_CONVERSION = YES;
				CLANG_WARN_CONSTANT_CONVERSION = YES;
				CLANG_WARN_DIRECT_OBJC_ISA_USAGE = YES_ERROR;
				CLANG_WARN_DOCUMENTATION_COMMENTS = YES;
				CLANG_WARN_EMPTY_BODY = YES;
				CLANG_WARN_ENUM_CONVERSION = YES;
				CLANG_WARN_INFINITE_RECURSION = YES;
				CLANG_WARN_INT_CONVERSION = YES;
				CLANG_WARN_OBJC_ROOT_CLASS = YES_ERROR;
				CLANG_WARN_SUSPICIOUS_MOVES = YES;
				CLANG_WARN_UNREACHABLE_CODE = YES;
				CLANG_WARN__DUPLICATE_METHOD_MATCH = YES;
				"CODE_SIGN_IDENTITY[sdk=iphoneos*]" = "iPhone Developer";
				COPY_PHASE_STRIP = NO;
				DEBUG_INFORMATION_FORMAT = dwarf;
				ENABLE_STRICT_OBJC_MSGSEND = YES;
				ENABLE_TESTABILITY = YES;
				GCC_C_LANGUAGE_STANDARD = gnu99;
				GCC_DYNAMIC_NO_PIC = NO;
				GCC_NO_COMMON_BLOCKS = YES;
				GCC_OPTIMIZATION_LEVEL = 0;
				GCC_PREPROCESSOR_DEFINITIONS = (
					"DEBUG=1",
					"$(inherited)",
				);
				GCC_WARN_64_TO_32_BIT_CONVERSION = YES;
				GCC_WARN_ABOUT_RETURN_TYPE = YES_ERROR;
				GCC_WARN_UNDECLARED_SELECTOR = YES;
				GCC_WARN_UNINITIALIZED_AUTOS = YES_AGGRESSIVE;
				GCC_WARN_UNUSED_FUNCTION = YES;
				GCC_WARN_UNUSED_VARIABLE = YES;
				IPHONEOS_DEPLOYMENT_TARGET = 10.1;
				MTL_ENABLE_DEBUG_INFO = YES;
				ONLY_ACTIVE_ARCH = YES;
				SDKROOT = iphoneos;
				SWIFT_ACTIVE_COMPILATION_CONDITIONS = DEBUG;
				SWIFT_OPTIMIZATION_LEVEL = "-Onone";
				TARGETED_DEVICE_FAMILY = "1,2";
			};
			name = Debug;
		};
		25F7DAD01DDD10440099B56C /* Release */ = {
			isa = XCBuildConfiguration;
			buildSettings = {
				ALWAYS_SEARCH_USER_PATHS = NO;
				CLANG_ANALYZER_NONNULL = YES;
				CLANG_CXX_LANGUAGE_STANDARD = "gnu++0x";
				CLANG_CXX_LIBRARY = "libc++";
				CLANG_ENABLE_MODULES = YES;
				CLANG_ENABLE_OBJC_ARC = YES;
				CLANG_WARN_BOOL_CONVERSION = YES;
				CLANG_WARN_CONSTANT_CONVERSION = YES;
				CLANG_WARN_DIRECT_OBJC_ISA_USAGE = YES_ERROR;
				CLANG_WARN_DOCUMENTATION_COMMENTS = YES;
				CLANG_WARN_EMPTY_BODY = YES;
				CLANG_WARN_ENUM_CONVERSION = YES;
				CLANG_WARN_INFINITE_RECURSION = YES;
				CLANG_WARN_INT_CONVERSION = YES;
				CLANG_WARN_OBJC_ROOT_CLASS = YES_ERROR;
				CLANG_WARN_SUSPICIOUS_MOVES = YES;
				CLANG_WARN_UNREACHABLE_CODE = YES;
				CLANG_WARN__DUPLICATE_METHOD_MATCH = YES;
				"CODE_SIGN_IDENTITY[sdk=iphoneos*]" = "iPhone Developer";
				COPY_PHASE_STRIP = NO;
				DEBUG_INFORMATION_FORMAT = "dwarf-with-dsym";
				ENABLE_NS_ASSERTIONS = NO;
				ENABLE_STRICT_OBJC_MSGSEND = YES;
				GCC_C_LANGUAGE_STANDARD = gnu99;
				GCC_NO_COMMON_BLOCKS = YES;
				GCC_WARN_64_TO_32_BIT_CONVERSION = YES;
				GCC_WARN_ABOUT_RETURN_TYPE = YES_ERROR;
				GCC_WARN_UNDECLARED_SELECTOR = YES;
				GCC_WARN_UNINITIALIZED_AUTOS = YES_AGGRESSIVE;
				GCC_WARN_UNUSED_FUNCTION = YES;
				GCC_WARN_UNUSED_VARIABLE = YES;
				IPHONEOS_DEPLOYMENT_TARGET = 10.1;
				MTL_ENABLE_DEBUG_INFO = NO;
				SDKROOT = iphoneos;
				SWIFT_OPTIMIZATION_LEVEL = "-Owholemodule";
				TARGETED_DEVICE_FAMILY = "1,2";
				VALIDATE_PRODUCT = YES;
			};
			name = Release;
		};
		25F7DAD21DDD10440099B56C /* Debug */ = {
			isa = XCBuildConfiguration;
			buildSettings = {
				ASSETCATALOG_COMPILER_APPICON_NAME = AppIcon;
				DEVELOPMENT_TEAM = SXSRVAX2S3;
				INFOPLIST_FILE = SavingWithNSCoding/Info.plist;
				LD_RUNPATH_SEARCH_PATHS = "$(inherited) @executable_path/Frameworks";
				PRODUCT_BUNDLE_IDENTIFIER = com.ideiadoluiz.SavingWithNSCoding;
				PRODUCT_NAME = "$(TARGET_NAME)";
				SWIFT_VERSION = 3.0;
			};
			name = Debug;
		};
		25F7DAD31DDD10440099B56C /* Release */ = {
			isa = XCBuildConfiguration;
			buildSettings = {
				ASSETCATALOG_COMPILER_APPICON_NAME = AppIcon;
				DEVELOPMENT_TEAM = SXSRVAX2S3;
				INFOPLIST_FILE = SavingWithNSCoding/Info.plist;
				LD_RUNPATH_SEARCH_PATHS = "$(inherited) @executable_path/Frameworks";
				PRODUCT_BUNDLE_IDENTIFIER = com.ideiadoluiz.SavingWithNSCoding;
				PRODUCT_NAME = "$(TARGET_NAME)";
				SWIFT_VERSION = 3.0;
			};
			name = Release;
		};
/* End XCBuildConfiguration section */

/* Begin XCConfigurationList section */
		25F7DABA1DDD10430099B56C /* Build configuration list for PBXProject "SavingWithNSCoding" */ = {
			isa = XCConfigurationList;
			buildConfigurations = (
				25F7DACF1DDD10440099B56C /* Debug */,
				25F7DAD01DDD10440099B56C /* Release */,
			);
			defaultConfigurationIsVisible = 0;
			defaultConfigurationName = Release;
		};
		25F7DAD11DDD10440099B56C /* Build configuration list for PBXNativeTarget "SavingWithNSCoding" */ = {
			isa = XCConfigurationList;
			buildConfigurations = (
				25F7DAD21DDD10440099B56C /* Debug */,
				25F7DAD31DDD10440099B56C /* Release */,
			);
			defaultConfigurationIsVisible = 0;
		};
/* End XCConfigurationList section */
	};
	rootObject = 25F7DAB71DDD10430099B56C /* Project object */;
}
