// !$*UTF8*$!
{
	archiveVersion = 1;
	classes = {
	};
	objectVersion = 46;
	objects = {

/* Begin PBXBuildFile section */
		1C8C8DAB1D1AF9F2000CE8C3 /* main.m in Sources */ = {isa = PBXBuildFile; fileRef = 1C8C8DAA1D1AF9F2000CE8C3 /* main.m */; };
		1C8C8DAE1D1AF9F2000CE8C3 /* AppDelegate.m in Sources */ = {isa = PBXBuildFile; fileRef = 1C8C8DAD1D1AF9F2000CE8C3 /* AppDelegate.m */; };
		1C8C8DB11D1AF9F2000CE8C3 /* ViewController.m in Sources */ = {isa = PBXBuildFile; fileRef = 1C8C8DB01D1AF9F2000CE8C3 /* ViewController.m */; };
		1C8C8DB41D1AF9F2000CE8C3 /* Main.storyboard in Resources */ = {isa = PBXBuildFile; fileRef = 1C8C8DB21D1AF9F2000CE8C3 /* Main.storyboard */; };
		1C8C8DB61D1AF9F2000CE8C3 /* Assets.xcassets in Resources */ = {isa = PBXBuildFile; fileRef = 1C8C8DB51D1AF9F2000CE8C3 /* Assets.xcassets */; };
		1C8C8DB91D1AF9F2000CE8C3 /* LaunchScreen.storyboard in Resources */ = {isa = PBXBuildFile; fileRef = 1C8C8DB71D1AF9F2000CE8C3 /* LaunchScreen.storyboard */; };
		1C8C8DC21D1AFA4F000CE8C3 /* DrawView.m in Sources */ = {isa = PBXBuildFile; fileRef = 1C8C8DC11D1AFA4F000CE8C3 /* DrawView.m */; };
/* End PBXBuildFile section */

/* Begin PBXFileReference section */
		1C8C8DA61D1AF9F2000CE8C3 /* Drawing.app */ = {isa = PBXFileReference; explicitFileType = wrapper.application; includeInIndex = 0; path = Drawing.app; sourceTree = BUILT_PRODUCTS_DIR; };
		1C8C8DAA1D1AF9F2000CE8C3 /* main.m */ = {isa = PBXFileReference; lastKnownFileType = sourcecode.c.objc; path = main.m; sourceTree = "<group>"; };
		1C8C8DAC1D1AF9F2000CE8C3 /* AppDelegate.h */ = {isa = PBXFileReference; lastKnownFileType = sourcecode.c.h; path = AppDelegate.h; sourceTree = "<group>"; };
		1C8C8DAD1D1AF9F2000CE8C3 /* AppDelegate.m */ = {isa = PBXFileReference; lastKnownFileType = sourcecode.c.objc; path = AppDelegate.m; sourceTree = "<group>"; };
		1C8C8DAF1D1AF9F2000CE8C3 /* ViewController.h */ = {isa = PBXFileReference; lastKnownFileType = sourcecode.c.h; path = ViewController.h; sourceTree = "<group>"; };
		1C8C8DB01D1AF9F2000CE8C3 /* ViewController.m */ = {isa = PBXFileReference; lastKnownFileType = sourcecode.c.objc; path = ViewController.m; sourceTree = "<group>"; };
		1C8C8DB31D1AF9F2000CE8C3 /* Base */ = {isa = PBXFileReference; lastKnownFileType = file.storyboard; name = Base; path = Base.lproj/Main.storyboard; sourceTree = "<group>"; };
		1C8C8DB51D1AF9F2000CE8C3 /* Assets.xcassets */ = {isa = PBXFileReference; lastKnownFileType = folder.assetcatalog; path = Assets.xcassets; sourceTree = "<group>"; };
		1C8C8DB81D1AF9F2000CE8C3 /* Base */ = {isa = PBXFileReference; lastKnownFileType = file.storyboard; name = Base; path = Base.lproj/LaunchScreen.storyboard; sourceTree = "<group>"; };
		1C8C8DBA1D1AF9F2000CE8C3 /* Info.plist */ = {isa = PBXFileReference; lastKnownFileType = text.plist.xml; path = Info.plist; sourceTree = "<group>"; };
		1C8C8DC01D1AFA4F000CE8C3 /* DrawView.h */ = {isa = PBXFileReference; fileEncoding = 4; lastKnownFileType = sourcecode.c.h; path = DrawView.h; sourceTree = "<group>"; };
		1C8C8DC11D1AFA4F000CE8C3 /* DrawView.m */ = {isa = PBXFileReference; fileEncoding = 4; lastKnownFileType = sourcecode.c.objc; path = DrawView.m; sourceTree = "<group>"; };
/* End PBXFileReference section */

/* Begin PBXFrameworksBuildPhase section */
		1C8C8DA31D1AF9F2000CE8C3 /* Frameworks */ = {
			isa = PBXFrameworksBuildPhase;
			buildActionMask = 2147483647;
			files = (
			);
			runOnlyForDeploymentPostprocessing = 0;
		};
/* End PBXFrameworksBuildPhase section */

/* Begin PBXGroup section */
		1C8C8D9D1D1AF9F2000CE8C3 = {
			isa = PBXGroup;
			children = (
				1C8C8DA81D1AF9F2000CE8C3 /* Drawing */,
				1C8C8DA71D1AF9F2000CE8C3 /* Products */,
			);
			sourceTree = "<group>";
		};
		1C8C8DA71D1AF9F2000CE8C3 /* Products */ = {
			isa = PBXGroup;
			children = (
				1C8C8DA61D1AF9F2000CE8C3 /* Drawing.app */,
			);
			name = Products;
			sourceTree = "<group>";
		};
		1C8C8DA81D1AF9F2000CE8C3 /* Drawing */ = {
			isa = PBXGroup;
			children = (
				1C8C8DAC1D1AF9F2000CE8C3 /* AppDelegate.h */,
				1C8C8DAD1D1AF9F2000CE8C3 /* AppDelegate.m */,
				1C8C8DAF1D1AF9F2000CE8C3 /* ViewController.h */,
				1C8C8DB01D1AF9F2000CE8C3 /* ViewController.m */,
				1C8C8DC01D1AFA4F000CE8C3 /* DrawView.h */,
				1C8C8DC11D1AFA4F000CE8C3 /* DrawView.m */,
				1C8C8DB21D1AF9F2000CE8C3 /* Main.storyboard */,
				1C8C8DB51D1AF9F2000CE8C3 /* Assets.xcassets */,
				1C8C8DB71D1AF9F2000CE8C3 /* LaunchScreen.storyboard */,
				1C8C8DBA1D1AF9F2000CE8C3 /* Info.plist */,
				1C8C8DA91D1AF9F2000CE8C3 /* Supporting Files */,
			);
			path = Drawing;
			sourceTree = "<group>";
		};
		1C8C8DA91D1AF9F2000CE8C3 /* Supporting Files */ = {
			isa = PBXGroup;
			children = (
				1C8C8DAA1D1AF9F2000CE8C3 /* main.m */,
			);
			name = "Supporting Files";
			sourceTree = "<group>";
		};
/* End PBXGroup section */

/* Begin PBXNativeTarget section */
		1C8C8DA51D1AF9F2000CE8C3 /* Drawing */ = {
			isa = PBXNativeTarget;
			buildConfigurationList = 1C8C8DBD1D1AF9F2000CE8C3 /* Build configuration list for PBXNativeTarget "Drawing" */;
			buildPhases = (
				1C8C8DA21D1AF9F2000CE8C3 /* Sources */,
				1C8C8DA31D1AF9F2000CE8C3 /* Frameworks */,
				1C8C8DA41D1AF9F2000CE8C3 /* Resources */,
			);
			buildRules = (
			);
			dependencies = (
			);
			name = Drawing;
			productName = Drawing;
			productReference = 1C8C8DA61D1AF9F2000CE8C3 /* Drawing.app */;
			productType = "com.apple.product-type.application";
		};
/* End PBXNativeTarget section */

/* Begin PBXProject section */
		1C8C8D9E1D1AF9F2000CE8C3 /* Project object */ = {
			isa = PBXProject;
			attributes = {
				LastUpgradeCheck = 0730;
				ORGANIZATIONNAME = "Ideia do Luiz";
				TargetAttributes = {
					1C8C8DA51D1AF9F2000CE8C3 = {
						CreatedOnToolsVersion = 7.3.1;
					};
				};
			};
			buildConfigurationList = 1C8C8DA11D1AF9F2000CE8C3 /* Build configuration list for PBXProject "Drawing" */;
			compatibilityVersion = "Xcode 3.2";
			developmentRegion = English;
			hasScannedForEncodings = 0;
			knownRegions = (
				en,
				Base,
			);
			mainGroup = 1C8C8D9D1D1AF9F2000CE8C3;
			productRefGroup = 1C8C8DA71D1AF9F2000CE8C3 /* Products */;
			projectDirPath = "";
			projectRoot = "";
			targets = (
				1C8C8DA51D1AF9F2000CE8C3 /* Drawing */,
			);
		};
/* End PBXProject section */

/* Begin PBXResourcesBuildPhase section */
		1C8C8DA41D1AF9F2000CE8C3 /* Resources */ = {
			isa = PBXResourcesBuildPhase;
			buildActionMask = 2147483647;
			files = (
				1C8C8DB91D1AF9F2000CE8C3 /* LaunchScreen.storyboard in Resources */,
				1C8C8DB61D1AF9F2000CE8C3 /* Assets.xcassets in Resources */,
				1C8C8DB41D1AF9F2000CE8C3 /* Main.storyboard in Resources */,
			);
			runOnlyForDeploymentPostprocessing = 0;
		};
/* End PBXResourcesBuildPhase section */

/* Begin PBXSourcesBuildPhase section */
		1C8C8DA21D1AF9F2000CE8C3 /* Sources */ = {
			isa = PBXSourcesBuildPhase;
			buildActionMask = 2147483647;
			files = (
				1C8C8DB11D1AF9F2000CE8C3 /* ViewController.m in Sources */,
				1C8C8DAE1D1AF9F2000CE8C3 /* AppDelegate.m in Sources */,
				1C8C8DC21D1AFA4F000CE8C3 /* DrawView.m in Sources */,
				1C8C8DAB1D1AF9F2000CE8C3 /* main.m in Sources */,
			);
			runOnlyForDeploymentPostprocessing = 0;
		};
/* End PBXSourcesBuildPhase section */

/* Begin PBXVariantGroup section */
		1C8C8DB21D1AF9F2000CE8C3 /* Main.storyboard */ = {
			isa = PBXVariantGroup;
			children = (
				1C8C8DB31D1AF9F2000CE8C3 /* Base */,
			);
			name = Main.storyboard;
			sourceTree = "<group>";
		};
		1C8C8DB71D1AF9F2000CE8C3 /* LaunchScreen.storyboard */ = {
			isa = PBXVariantGroup;
			children = (
				1C8C8DB81D1AF9F2000CE8C3 /* Base */,
			);
			name = LaunchScreen.storyboard;
			sourceTree = "<group>";
		};
/* End PBXVariantGroup section */

/* Begin XCBuildConfiguration section */
		1C8C8DBB1D1AF9F2000CE8C3 /* Debug */ = {
			isa = XCBuildConfiguration;
			buildSettings = {
				ALWAYS_SEARCH_USER_PATHS = NO;
				CLANG_ANALYZER_NONNULL = YES;
				CLANG_CXX_LANGUAGE_STANDARD = "gnu++0x";
				CLANG_CXX_LIBRARY = "libc++";
				CLANG_ENABLE_MODULES = YES;
				CLANG_ENABLE_OBJC_ARC = YES;
				CLANG_WARN_BOOL_CONVERSION = YES;
				CLANG_WARN_CONSTANT_CONVERSION = YES;
				CLANG_WARN_DIRECT_OBJC_ISA_USAGE = YES_ERROR;
				CLANG_WARN_EMPTY_BODY = YES;
				CLANG_WARN_ENUM_CONVERSION = YES;
				CLANG_WARN_INT_CONVERSION = YES;
				CLANG_WARN_OBJC_ROOT_CLASS = YES_ERROR;
				CLANG_WARN_UNREACHABLE_CODE = YES;
				CLANG_WARN__DUPLICATE_METHOD_MATCH = YES;
				"CODE_SIGN_IDENTITY[sdk=iphoneos*]" = "iPhone Developer";
				COPY_PHASE_STRIP = NO;
				DEBUG_INFORMATION_FORMAT = dwarf;
				ENABLE_STRICT_OBJC_MSGSEND = YES;
				ENABLE_TESTABILITY = YES;
				GCC_C_LANGUAGE_STANDARD = gnu99;
				GCC_DYNAMIC_NO_PIC = NO;
				GCC_NO_COMMON_BLOCKS = YES;
				GCC_OPTIMIZATION_LEVEL = 0;
				GCC_PREPROCESSOR_DEFINITIONS = (
					"DEBUG=1",
					"$(inherited)",
				);
				GCC_WARN_64_TO_32_BIT_CONVERSION = YES;
				GCC_WARN_ABOUT_RETURN_TYPE = YES_ERROR;
				GCC_WARN_UNDECLARED_SELECTOR = YES;
				GCC_WARN_UNINITIALIZED_AUTOS = YES_AGGRESSIVE;
				GCC_WARN_UNUSED_FUNCTION = YES;
				GCC_WARN_UNUSED_VARIABLE = YES;
				IPHONEOS_DEPLOYMENT_TARGET = 9.3;
				MTL_ENABLE_DEBUG_INFO = YES;
				ONLY_ACTIVE_ARCH = YES;
				SDKROOT = iphoneos;
				TARGETED_DEVICE_FAMILY = "1,2";
			};
			name = Debug;
		};
		1C8C8DBC1D1AF9F2000CE8C3 /* Release */ = {
			isa = XCBuildConfiguration;
			buildSettings = {
				ALWAYS_SEARCH_USER_PATHS = NO;
				CLANG_ANALYZER_NONNULL = YES;
				CLANG_CXX_LANGUAGE_STANDARD = "gnu++0x";
				CLANG_CXX_LIBRARY = "libc++";
				CLANG_ENABLE_MODULES = YES;
				CLANG_ENABLE_OBJC_ARC = YES;
				CLANG_WARN_BOOL_CONVERSION = YES;
				CLANG_WARN_CONSTANT_CONVERSION = YES;
				CLANG_WARN_DIRECT_OBJC_ISA_USAGE = YES_ERROR;
				CLANG_WARN_EMPTY_BODY = YES;
				CLANG_WARN_ENUM_CONVERSION = YES;
				CLANG_WARN_INT_CONVERSION = YES;
				CLANG_WARN_OBJC_ROOT_CLASS = YES_ERROR;
				CLANG_WARN_UNREACHABLE_CODE = YES;
				CLANG_WARN__DUPLICATE_METHOD_MATCH = YES;
				"CODE_SIGN_IDENTITY[sdk=iphoneos*]" = "iPhone Developer";
				COPY_PHASE_STRIP = NO;
				DEBUG_INFORMATION_FORMAT = "dwarf-with-dsym";
				ENABLE_NS_ASSERTIONS = NO;
				ENABLE_STRICT_OBJC_MSGSEND = YES;
				GCC_C_LANGUAGE_STANDARD = gnu99;
				GCC_NO_COMMON_BLOCKS = YES;
				GCC_WARN_64_TO_32_BIT_CONVERSION = YES;
				GCC_WARN_ABOUT_RETURN_TYPE = YES_ERROR;
				GCC_WARN_UNDECLARED_SELECTOR = YES;
				GCC_WARN_UNINITIALIZED_AUTOS = YES_AGGRESSIVE;
				GCC_WARN_UNUSED_FUNCTION = YES;
				GCC_WARN_UNUSED_VARIABLE = YES;
				IPHONEOS_DEPLOYMENT_TARGET = 9.3;
				MTL_ENABLE_DEBUG_INFO = NO;
				SDKROOT = iphoneos;
				TARGETED_DEVICE_FAMILY = "1,2";
				VALIDATE_PRODUCT = YES;
			};
			name = Release;
		};
		1C8C8DBE1D1AF9F2000CE8C3 /* Debug */ = {
			isa = XCBuildConfiguration;
			buildSettings = {
				ASSETCATALOG_COMPILER_APPICON_NAME = AppIcon;
				INFOPLIST_FILE = Drawing/Info.plist;
				LD_RUNPATH_SEARCH_PATHS = "$(inherited) @executable_path/Frameworks";
				PRODUCT_BUNDLE_IDENTIFIER = com.ideiadoluiz.Drawing;
				PRODUCT_NAME = "$(TARGET_NAME)";
			};
			name = Debug;
		};
		1C8C8DBF1D1AF9F2000CE8C3 /* Release */ = {
			isa = XCBuildConfiguration;
			buildSettings = {
				ASSETCATALOG_COMPILER_APPICON_NAME = AppIcon;
				INFOPLIST_FILE = Drawing/Info.plist;
				LD_RUNPATH_SEARCH_PATHS = "$(inherited) @executable_path/Frameworks";
				PRODUCT_BUNDLE_IDENTIFIER = com.ideiadoluiz.Drawing;
				PRODUCT_NAME = "$(TARGET_NAME)";
			};
			name = Release;
		};
/* End XCBuildConfiguration section */

/* Begin XCConfigurationList section */
		1C8C8DA11D1AF9F2000CE8C3 /* Build configuration list for PBXProject "Drawing" */ = {
			isa = XCConfigurationList;
			buildConfigurations = (
				1C8C8DBB1D1AF9F2000CE8C3 /* Debug */,
				1C8C8DBC1D1AF9F2000CE8C3 /* Release */,
			);
			defaultConfigurationIsVisible = 0;
			defaultConfigurationName = Release;
		};
		1C8C8DBD1D1AF9F2000CE8C3 /* Build configuration list for PBXNativeTarget "Drawing" */ = {
			isa = XCConfigurationList;
			buildConfigurations = (
				1C8C8DBE1D1AF9F2000CE8C3 /* Debug */,
				1C8C8DBF1D1AF9F2000CE8C3 /* Release */,
			);
			defaultConfigurationIsVisible = 0;
		};
/* End XCConfigurationList section */
	};
	rootObject = 1C8C8D9E1D1AF9F2000CE8C3 /* Project object */;
}
