// !$*UTF8*$!
{
	archiveVersion = 1;
	classes = {
	};
	objectVersion = 46;
	objects = {

/* Begin PBXBuildFile section */
		259BB0BF1DD136C60025E390 /* AppDelegate.swift in Sources */ = {isa = PBXBuildFile; fileRef = 259BB0BE1DD136C60025E390 /* AppDelegate.swift */; };
		259BB0C11DD136C60025E390 /* ViewController.swift in Sources */ = {isa = PBXBuildFile; fileRef = 259BB0C01DD136C60025E390 /* ViewController.swift */; };
		259BB0C41DD136C60025E390 /* Main.storyboard in Resources */ = {isa = PBXBuildFile; fileRef = 259BB0C21DD136C60025E390 /* Main.storyboard */; };
		259BB0C61DD136C60025E390 /* Assets.xcassets in Resources */ = {isa = PBXBuildFile; fileRef = 259BB0C51DD136C60025E390 /* Assets.xcassets */; };
		259BB0C91DD136C60025E390 /* LaunchScreen.storyboard in Resources */ = {isa = PBXBuildFile; fileRef = 259BB0C71DD136C60025E390 /* LaunchScreen.storyboard */; };
		259BB0D21DD136ED0025E390 /* MapKit.framework in Frameworks */ = {isa = PBXBuildFile; fileRef = 259BB0D11DD136ED0025E390 /* MapKit.framework */; };
		25B4A6BD1DD27B820007582E /* AnnotationView.swift in Sources */ = {isa = PBXBuildFile; fileRef = 25B4A6BC1DD27B820007582E /* AnnotationView.swift */; };
		25F966C21DD277A80071DF5E /* CustomAnnotation.swift in Sources */ = {isa = PBXBuildFile; fileRef = 25F966C11DD277A80071DF5E /* CustomAnnotation.swift */; };
/* End PBXBuildFile section */

/* Begin PBXFileReference section */
		259BB0BB1DD136C60025E390 /* Maps.app */ = {isa = PBXFileReference; explicitFileType = wrapper.application; includeInIndex = 0; path = Maps.app; sourceTree = BUILT_PRODUCTS_DIR; };
		259BB0BE1DD136C60025E390 /* AppDelegate.swift */ = {isa = PBXFileReference; lastKnownFileType = sourcecode.swift; path = AppDelegate.swift; sourceTree = "<group>"; };
		259BB0C01DD136C60025E390 /* ViewController.swift */ = {isa = PBXFileReference; lastKnownFileType = sourcecode.swift; path = ViewController.swift; sourceTree = "<group>"; };
		259BB0C31DD136C60025E390 /* Base */ = {isa = PBXFileReference; lastKnownFileType = file.storyboard; name = Base; path = Base.lproj/Main.storyboard; sourceTree = "<group>"; };
		259BB0C51DD136C60025E390 /* Assets.xcassets */ = {isa = PBXFileReference; lastKnownFileType = folder.assetcatalog; path = Assets.xcassets; sourceTree = "<group>"; };
		259BB0C81DD136C60025E390 /* Base */ = {isa = PBXFileReference; lastKnownFileType = file.storyboard; name = Base; path = Base.lproj/LaunchScreen.storyboard; sourceTree = "<group>"; };
		259BB0CA1DD136C60025E390 /* Info.plist */ = {isa = PBXFileReference; lastKnownFileType = text.plist.xml; path = Info.plist; sourceTree = "<group>"; };
		259BB0D11DD136ED0025E390 /* MapKit.framework */ = {isa = PBXFileReference; lastKnownFileType = wrapper.framework; name = MapKit.framework; path = System/Library/Frameworks/MapKit.framework; sourceTree = SDKROOT; };
		25B4A6BC1DD27B820007582E /* AnnotationView.swift */ = {isa = PBXFileReference; fileEncoding = 4; lastKnownFileType = sourcecode.swift; path = AnnotationView.swift; sourceTree = "<group>"; };
		25F966C11DD277A80071DF5E /* CustomAnnotation.swift */ = {isa = PBXFileReference; fileEncoding = 4; lastKnownFileType = sourcecode.swift; path = CustomAnnotation.swift; sourceTree = "<group>"; };
/* End PBXFileReference section */

/* Begin PBXFrameworksBuildPhase section */
		259BB0B81DD136C60025E390 /* Frameworks */ = {
			isa = PBXFrameworksBuildPhase;
			buildActionMask = 2147483647;
			files = (
				259BB0D21DD136ED0025E390 /* MapKit.framework in Frameworks */,
			);
			runOnlyForDeploymentPostprocessing = 0;
		};
/* End PBXFrameworksBuildPhase section */

/* Begin PBXGroup section */
		259BB0B21DD136C60025E390 = {
			isa = PBXGroup;
			children = (
				259BB0BD1DD136C60025E390 /* Maps */,
				259BB0BC1DD136C60025E390 /* Products */,
				259BB0D01DD136ED0025E390 /* Frameworks */,
			);
			sourceTree = "<group>";
		};
		259BB0BC1DD136C60025E390 /* Products */ = {
			isa = PBXGroup;
			children = (
				259BB0BB1DD136C60025E390 /* Maps.app */,
			);
			name = Products;
			sourceTree = "<group>";
		};
		259BB0BD1DD136C60025E390 /* Maps */ = {
			isa = PBXGroup;
			children = (
				259BB0BE1DD136C60025E390 /* AppDelegate.swift */,
				259BB0C01DD136C60025E390 /* ViewController.swift */,
				259BB0C21DD136C60025E390 /* Main.storyboard */,
				259BB0C51DD136C60025E390 /* Assets.xcassets */,
				259BB0C71DD136C60025E390 /* LaunchScreen.storyboard */,
				259BB0CA1DD136C60025E390 /* Info.plist */,
				25F966C11DD277A80071DF5E /* CustomAnnotation.swift */,
				25B4A6BC1DD27B820007582E /* AnnotationView.swift */,
			);
			path = Maps;
			sourceTree = "<group>";
		};
		259BB0D01DD136ED0025E390 /* Frameworks */ = {
			isa = PBXGroup;
			children = (
				259BB0D11DD136ED0025E390 /* MapKit.framework */,
			);
			name = Frameworks;
			sourceTree = "<group>";
		};
/* End PBXGroup section */

/* Begin PBXNativeTarget section */
		259BB0BA1DD136C60025E390 /* Maps */ = {
			isa = PBXNativeTarget;
			buildConfigurationList = 259BB0CD1DD136C60025E390 /* Build configuration list for PBXNativeTarget "Maps" */;
			buildPhases = (
				259BB0B71DD136C60025E390 /* Sources */,
				259BB0B81DD136C60025E390 /* Frameworks */,
				259BB0B91DD136C60025E390 /* Resources */,
			);
			buildRules = (
			);
			dependencies = (
			);
			name = Maps;
			productName = Maps;
			productReference = 259BB0BB1DD136C60025E390 /* Maps.app */;
			productType = "com.apple.product-type.application";
		};
/* End PBXNativeTarget section */

/* Begin PBXProject section */
		259BB0B31DD136C60025E390 /* Project object */ = {
			isa = PBXProject;
			attributes = {
				LastSwiftUpdateCheck = 0800;
				LastUpgradeCheck = 0810;
				ORGANIZATIONNAME = "Ideia do Luiz";
				TargetAttributes = {
					259BB0BA1DD136C60025E390 = {
						CreatedOnToolsVersion = 8.0;
						DevelopmentTeam = SXSRVAX2S3;
						ProvisioningStyle = Automatic;
					};
				};
			};
			buildConfigurationList = 259BB0B61DD136C60025E390 /* Build configuration list for PBXProject "Maps" */;
			compatibilityVersion = "Xcode 3.2";
			developmentRegion = English;
			hasScannedForEncodings = 0;
			knownRegions = (
				en,
				Base,
			);
			mainGroup = 259BB0B21DD136C60025E390;
			productRefGroup = 259BB0BC1DD136C60025E390 /* Products */;
			projectDirPath = "";
			projectRoot = "";
			targets = (
				259BB0BA1DD136C60025E390 /* Maps */,
			);
		};
/* End PBXProject section */

/* Begin PBXResourcesBuildPhase section */
		259BB0B91DD136C60025E390 /* Resources */ = {
			isa = PBXResourcesBuildPhase;
			buildActionMask = 2147483647;
			files = (
				259BB0C91DD136C60025E390 /* LaunchScreen.storyboard in Resources */,
				259BB0C61DD136C60025E390 /* Assets.xcassets in Resources */,
				259BB0C41DD136C60025E390 /* Main.storyboard in Resources */,
			);
			runOnlyForDeploymentPostprocessing = 0;
		};
/* End PBXResourcesBuildPhase section */

/* Begin PBXSourcesBuildPhase section */
		259BB0B71DD136C60025E390 /* Sources */ = {
			isa = PBXSourcesBuildPhase;
			buildActionMask = 2147483647;
			files = (
				259BB0C11DD136C60025E390 /* ViewController.swift in Sources */,
				25B4A6BD1DD27B820007582E /* AnnotationView.swift in Sources */,
				259BB0BF1DD136C60025E390 /* AppDelegate.swift in Sources */,
				25F966C21DD277A80071DF5E /* CustomAnnotation.swift in Sources */,
			);
			runOnlyForDeploymentPostprocessing = 0;
		};
/* End PBXSourcesBuildPhase section */

/* Begin PBXVariantGroup section */
		259BB0C21DD136C60025E390 /* Main.storyboard */ = {
			isa = PBXVariantGroup;
			children = (
				259BB0C31DD136C60025E390 /* Base */,
			);
			name = Main.storyboard;
			sourceTree = "<group>";
		};
		259BB0C71DD136C60025E390 /* LaunchScreen.storyboard */ = {
			isa = PBXVariantGroup;
			children = (
				259BB0C81DD136C60025E390 /* Base */,
			);
			name = LaunchScreen.storyboard;
			sourceTree = "<group>";
		};
/* End PBXVariantGroup section */

/* Begin XCBuildConfiguration section */
		259BB0CB1DD136C60025E390 /* Debug */ = {
			isa = XCBuildConfiguration;
			buildSettings = {
				ALWAYS_SEARCH_USER_PATHS = NO;
				CLANG_ANALYZER_NONNULL = YES;
				CLANG_CXX_LANGUAGE_STANDARD = "gnu++0x";
				CLANG_CXX_LIBRARY = "libc++";
				CLANG_ENABLE_MODULES = YES;
				CLANG_ENABLE_OBJC_ARC = YES;
				CLANG_WARN_BOOL_CONVERSION = YES;
				CLANG_WARN_CONSTANT_CONVERSION = YES;
				CLANG_WARN_DIRECT_OBJC_ISA_USAGE = YES_ERROR;
				CLANG_WARN_DOCUMENTATION_COMMENTS = YES;
				CLANG_WARN_EMPTY_BODY = YES;
				CLANG_WARN_ENUM_CONVERSION = YES;
				CLANG_WARN_INFINITE_RECURSION = YES;
				CLANG_WARN_INT_CONVERSION = YES;
				CLANG_WARN_OBJC_ROOT_CLASS = YES_ERROR;
				CLANG_WARN_SUSPICIOUS_MOVE = YES;
				CLANG_WARN_SUSPICIOUS_MOVES = YES;
				CLANG_WARN_UNREACHABLE_CODE = YES;
				CLANG_WARN__DUPLICATE_METHOD_MATCH = YES;
				"CODE_SIGN_IDENTITY[sdk=iphoneos*]" = "iPhone Developer";
				COPY_PHASE_STRIP = NO;
				DEBUG_INFORMATION_FORMAT = dwarf;
				ENABLE_STRICT_OBJC_MSGSEND = YES;
				ENABLE_TESTABILITY = YES;
				GCC_C_LANGUAGE_STANDARD = gnu99;
				GCC_DYNAMIC_NO_PIC = NO;
				GCC_NO_COMMON_BLOCKS = YES;
				GCC_OPTIMIZATION_LEVEL = 0;
				GCC_PREPROCESSOR_DEFINITIONS = (
					"DEBUG=1",
					"$(inherited)",
				);
				GCC_WARN_64_TO_32_BIT_CONVERSION = YES;
				GCC_WARN_ABOUT_RETURN_TYPE = YES_ERROR;
				GCC_WARN_UNDECLARED_SELECTOR = YES;
				GCC_WARN_UNINITIALIZED_AUTOS = YES_AGGRESSIVE;
				GCC_WARN_UNUSED_FUNCTION = YES;
				GCC_WARN_UNUSED_VARIABLE = YES;
				IPHONEOS_DEPLOYMENT_TARGET = 10.0;
				MTL_ENABLE_DEBUG_INFO = YES;
				ONLY_ACTIVE_ARCH = YES;
				SDKROOT = iphoneos;
				SWIFT_ACTIVE_COMPILATION_CONDITIONS = DEBUG;
				SWIFT_OPTIMIZATION_LEVEL = "-Onone";
				TARGETED_DEVICE_FAMILY = "1,2";
			};
			name = Debug;
		};
		259BB0CC1DD136C60025E390 /* Release */ = {
			isa = XCBuildConfiguration;
			buildSettings = {
				ALWAYS_SEARCH_USER_PATHS = NO;
				CLANG_ANALYZER_NONNULL = YES;
				CLANG_CXX_LANGUAGE_STANDARD = "gnu++0x";
				CLANG_CXX_LIBRARY = "libc++";
				CLANG_ENABLE_MODULES = YES;
				CLANG_ENABLE_OBJC_ARC = YES;
				CLANG_WARN_BOOL_CONVERSION = YES;
				CLANG_WARN_CONSTANT_CONVERSION = YES;
				CLANG_WARN_DIRECT_OBJC_ISA_USAGE = YES_ERROR;
				CLANG_WARN_DOCUMENTATION_COMMENTS = YES;
				CLANG_WARN_EMPTY_BODY = YES;
				CLANG_WARN_ENUM_CONVERSION = YES;
				CLANG_WARN_INFINITE_RECURSION = YES;
				CLANG_WARN_INT_CONVERSION = YES;
				CLANG_WARN_OBJC_ROOT_CLASS = YES_ERROR;
				CLANG_WARN_SUSPICIOUS_MOVE = YES;
				CLANG_WARN_SUSPICIOUS_MOVES = YES;
				CLANG_WARN_UNREACHABLE_CODE = YES;
				CLANG_WARN__DUPLICATE_METHOD_MATCH = YES;
				"CODE_SIGN_IDENTITY[sdk=iphoneos*]" = "iPhone Developer";
				COPY_PHASE_STRIP = NO;
				DEBUG_INFORMATION_FORMAT = "dwarf-with-dsym";
				ENABLE_NS_ASSERTIONS = NO;
				ENABLE_STRICT_OBJC_MSGSEND = YES;
				GCC_C_LANGUAGE_STANDARD = gnu99;
				GCC_NO_COMMON_BLOCKS = YES;
				GCC_WARN_64_TO_32_BIT_CONVERSION = YES;
				GCC_WARN_ABOUT_RETURN_TYPE = YES_ERROR;
				GCC_WARN_UNDECLARED_SELECTOR = YES;
				GCC_WARN_UNINITIALIZED_AUTOS = YES_AGGRESSIVE;
				GCC_WARN_UNUSED_FUNCTION = YES;
				GCC_WARN_UNUSED_VARIABLE = YES;
				IPHONEOS_DEPLOYMENT_TARGET = 10.0;
				MTL_ENABLE_DEBUG_INFO = NO;
				SDKROOT = iphoneos;
				SWIFT_OPTIMIZATION_LEVEL = "-Owholemodule";
				TARGETED_DEVICE_FAMILY = "1,2";
				VALIDATE_PRODUCT = YES;
			};
			name = Release;
		};
		259BB0CE1DD136C60025E390 /* Debug */ = {
			isa = XCBuildConfiguration;
			buildSettings = {
				ASSETCATALOG_COMPILER_APPICON_NAME = AppIcon;
				DEVELOPMENT_TEAM = SXSRVAX2S3;
				INFOPLIST_FILE = Maps/Info.plist;
				LD_RUNPATH_SEARCH_PATHS = "$(inherited) @executable_path/Frameworks";
				PRODUCT_BUNDLE_IDENTIFIER = com.ideiadoluiz.Maps;
				PRODUCT_NAME = "$(TARGET_NAME)";
				SWIFT_VERSION = 3.0;
			};
			name = Debug;
		};
		259BB0CF1DD136C60025E390 /* Release */ = {
			isa = XCBuildConfiguration;
			buildSettings = {
				ASSETCATALOG_COMPILER_APPICON_NAME = AppIcon;
				DEVELOPMENT_TEAM = SXSRVAX2S3;
				INFOPLIST_FILE = Maps/Info.plist;
				LD_RUNPATH_SEARCH_PATHS = "$(inherited) @executable_path/Frameworks";
				PRODUCT_BUNDLE_IDENTIFIER = com.ideiadoluiz.Maps;
				PRODUCT_NAME = "$(TARGET_NAME)";
				SWIFT_VERSION = 3.0;
			};
			name = Release;
		};
/* End XCBuildConfiguration section */

/* Begin XCConfigurationList section */
		259BB0B61DD136C60025E390 /* Build configuration list for PBXProject "Maps" */ = {
			isa = XCConfigurationList;
			buildConfigurations = (
				259BB0CB1DD136C60025E390 /* Debug */,
				259BB0CC1DD136C60025E390 /* Release */,
			);
			defaultConfigurationIsVisible = 0;
			defaultConfigurationName = Release;
		};
		259BB0CD1DD136C60025E390 /* Build configuration list for PBXNativeTarget "Maps" */ = {
			isa = XCConfigurationList;
			buildConfigurations = (
				259BB0CE1DD136C60025E390 /* Debug */,
				259BB0CF1DD136C60025E390 /* Release */,
			);
			defaultConfigurationIsVisible = 0;
			defaultConfigurationName = Release;
		};
/* End XCConfigurationList section */
	};
	rootObject = 259BB0B31DD136C60025E390 /* Project object */;
}
