// !$*UTF8*$!
{
	archiveVersion = 1;
	classes = {
	};
	objectVersion = 46;
	objects = {

/* Begin PBXBuildFile section */
		1C3A5D711D3419920078887E /* AppDelegate.swift in Sources */ = {isa = PBXBuildFile; fileRef = 1C3A5D701D3419920078887E /* AppDelegate.swift */; };
		1C3A5D731D3419920078887E /* ViewController.swift in Sources */ = {isa = PBXBuildFile; fileRef = 1C3A5D721D3419920078887E /* ViewController.swift */; };
		1C3A5D761D3419920078887E /* Main.storyboard in Resources */ = {isa = PBXBuildFile; fileRef = 1C3A5D741D3419920078887E /* Main.storyboard */; };
		1C3A5D781D3419920078887E /* Assets.xcassets in Resources */ = {isa = PBXBuildFile; fileRef = 1C3A5D771D3419920078887E /* Assets.xcassets */; };
		1C3A5D7B1D3419920078887E /* LaunchScreen.storyboard in Resources */ = {isa = PBXBuildFile; fileRef = 1C3A5D791D3419920078887E /* LaunchScreen.storyboard */; };
		1C3A5D831D3423E10078887E /* Magnetometer.swift in Sources */ = {isa = PBXBuildFile; fileRef = 1C3A5D821D3423E10078887E /* Magnetometer.swift */; };
		1C3A5D851D3424100078887E /* GyroscopeViewController.swift in Sources */ = {isa = PBXBuildFile; fileRef = 1C3A5D841D3424100078887E /* GyroscopeViewController.swift */; };
		1C3A5D871D3424220078887E /* AccelerometerViewController.swift in Sources */ = {isa = PBXBuildFile; fileRef = 1C3A5D861D3424220078887E /* AccelerometerViewController.swift */; };
		1C3A5D891D34249C0078887E /* CoreMotion.framework in Frameworks */ = {isa = PBXBuildFile; fileRef = 1C3A5D881D34249C0078887E /* CoreMotion.framework */; };
		1C3A5D8B1D3427380078887E /* CoreMotionHandler.swift in Sources */ = {isa = PBXBuildFile; fileRef = 1C3A5D8A1D3427380078887E /* CoreMotionHandler.swift */; };
/* End PBXBuildFile section */

/* Begin PBXFileReference section */
		1C3A5D6D1D3419910078887E /* Sensors.app */ = {isa = PBXFileReference; explicitFileType = wrapper.application; includeInIndex = 0; path = Sensors.app; sourceTree = BUILT_PRODUCTS_DIR; };
		1C3A5D701D3419920078887E /* AppDelegate.swift */ = {isa = PBXFileReference; lastKnownFileType = sourcecode.swift; path = AppDelegate.swift; sourceTree = "<group>"; };
		1C3A5D721D3419920078887E /* ViewController.swift */ = {isa = PBXFileReference; lastKnownFileType = sourcecode.swift; path = ViewController.swift; sourceTree = "<group>"; };
		1C3A5D751D3419920078887E /* Base */ = {isa = PBXFileReference; lastKnownFileType = file.storyboard; name = Base; path = Base.lproj/Main.storyboard; sourceTree = "<group>"; };
		1C3A5D771D3419920078887E /* Assets.xcassets */ = {isa = PBXFileReference; lastKnownFileType = folder.assetcatalog; path = Assets.xcassets; sourceTree = "<group>"; };
		1C3A5D7A1D3419920078887E /* Base */ = {isa = PBXFileReference; lastKnownFileType = file.storyboard; name = Base; path = Base.lproj/LaunchScreen.storyboard; sourceTree = "<group>"; };
		1C3A5D7C1D3419920078887E /* Info.plist */ = {isa = PBXFileReference; lastKnownFileType = text.plist.xml; path = Info.plist; sourceTree = "<group>"; };
		1C3A5D821D3423E10078887E /* Magnetometer.swift */ = {isa = PBXFileReference; fileEncoding = 4; lastKnownFileType = sourcecode.swift; path = Magnetometer.swift; sourceTree = "<group>"; };
		1C3A5D841D3424100078887E /* GyroscopeViewController.swift */ = {isa = PBXFileReference; fileEncoding = 4; lastKnownFileType = sourcecode.swift; path = GyroscopeViewController.swift; sourceTree = "<group>"; };
		1C3A5D861D3424220078887E /* AccelerometerViewController.swift */ = {isa = PBXFileReference; fileEncoding = 4; lastKnownFileType = sourcecode.swift; path = AccelerometerViewController.swift; sourceTree = "<group>"; };
		1C3A5D881D34249C0078887E /* CoreMotion.framework */ = {isa = PBXFileReference; lastKnownFileType = wrapper.framework; name = CoreMotion.framework; path = System/Library/Frameworks/CoreMotion.framework; sourceTree = SDKROOT; };
		1C3A5D8A1D3427380078887E /* CoreMotionHandler.swift */ = {isa = PBXFileReference; fileEncoding = 4; lastKnownFileType = sourcecode.swift; path = CoreMotionHandler.swift; sourceTree = "<group>"; };
/* End PBXFileReference section */

/* Begin PBXFrameworksBuildPhase section */
		1C3A5D6A1D3419910078887E /* Frameworks */ = {
			isa = PBXFrameworksBuildPhase;
			buildActionMask = 2147483647;
			files = (
				1C3A5D891D34249C0078887E /* CoreMotion.framework in Frameworks */,
			);
			runOnlyForDeploymentPostprocessing = 0;
		};
/* End PBXFrameworksBuildPhase section */

/* Begin PBXGroup section */
		1C3A5D641D3419910078887E = {
			isa = PBXGroup;
			children = (
				1C3A5D881D34249C0078887E /* CoreMotion.framework */,
				1C3A5D6F1D3419920078887E /* Sensors */,
				1C3A5D6E1D3419910078887E /* Products */,
			);
			sourceTree = "<group>";
		};
		1C3A5D6E1D3419910078887E /* Products */ = {
			isa = PBXGroup;
			children = (
				1C3A5D6D1D3419910078887E /* Sensors.app */,
			);
			name = Products;
			sourceTree = "<group>";
		};
		1C3A5D6F1D3419920078887E /* Sensors */ = {
			isa = PBXGroup;
			children = (
				1C3A5D701D3419920078887E /* AppDelegate.swift */,
				1C3A5D721D3419920078887E /* ViewController.swift */,
				1C3A5D741D3419920078887E /* Main.storyboard */,
				1C3A5D771D3419920078887E /* Assets.xcassets */,
				1C3A5D791D3419920078887E /* LaunchScreen.storyboard */,
				1C3A5D7C1D3419920078887E /* Info.plist */,
				1C3A5D821D3423E10078887E /* Magnetometer.swift */,
				1C3A5D841D3424100078887E /* GyroscopeViewController.swift */,
				1C3A5D861D3424220078887E /* AccelerometerViewController.swift */,
				1C3A5D8A1D3427380078887E /* CoreMotionHandler.swift */,
			);
			path = Sensors;
			sourceTree = "<group>";
		};
/* End PBXGroup section */

/* Begin PBXNativeTarget section */
		1C3A5D6C1D3419910078887E /* Sensors */ = {
			isa = PBXNativeTarget;
			buildConfigurationList = 1C3A5D7F1D3419920078887E /* Build configuration list for PBXNativeTarget "Sensors" */;
			buildPhases = (
				1C3A5D691D3419910078887E /* Sources */,
				1C3A5D6A1D3419910078887E /* Frameworks */,
				1C3A5D6B1D3419910078887E /* Resources */,
			);
			buildRules = (
			);
			dependencies = (
			);
			name = Sensors;
			productName = Sensors;
			productReference = 1C3A5D6D1D3419910078887E /* Sensors.app */;
			productType = "com.apple.product-type.application";
		};
/* End PBXNativeTarget section */

/* Begin PBXProject section */
		1C3A5D651D3419910078887E /* Project object */ = {
			isa = PBXProject;
			attributes = {
				LastSwiftUpdateCheck = 0730;
				LastUpgradeCheck = 0730;
				ORGANIZATIONNAME = "Ideia do Luiz";
				TargetAttributes = {
					1C3A5D6C1D3419910078887E = {
						CreatedOnToolsVersion = 7.3.1;
					};
				};
			};
			buildConfigurationList = 1C3A5D681D3419910078887E /* Build configuration list for PBXProject "Sensors" */;
			compatibilityVersion = "Xcode 3.2";
			developmentRegion = English;
			hasScannedForEncodings = 0;
			knownRegions = (
				en,
				Base,
			);
			mainGroup = 1C3A5D641D3419910078887E;
			productRefGroup = 1C3A5D6E1D3419910078887E /* Products */;
			projectDirPath = "";
			projectRoot = "";
			targets = (
				1C3A5D6C1D3419910078887E /* Sensors */,
			);
		};
/* End PBXProject section */

/* Begin PBXResourcesBuildPhase section */
		1C3A5D6B1D3419910078887E /* Resources */ = {
			isa = PBXResourcesBuildPhase;
			buildActionMask = 2147483647;
			files = (
				1C3A5D7B1D3419920078887E /* LaunchScreen.storyboard in Resources */,
				1C3A5D781D3419920078887E /* Assets.xcassets in Resources */,
				1C3A5D761D3419920078887E /* Main.storyboard in Resources */,
			);
			runOnlyForDeploymentPostprocessing = 0;
		};
/* End PBXResourcesBuildPhase section */

/* Begin PBXSourcesBuildPhase section */
		1C3A5D691D3419910078887E /* Sources */ = {
			isa = PBXSourcesBuildPhase;
			buildActionMask = 2147483647;
			files = (
				1C3A5D871D3424220078887E /* AccelerometerViewController.swift in Sources */,
				1C3A5D731D3419920078887E /* ViewController.swift in Sources */,
				1C3A5D831D3423E10078887E /* Magnetometer.swift in Sources */,
				1C3A5D8B1D3427380078887E /* CoreMotionHandler.swift in Sources */,
				1C3A5D851D3424100078887E /* GyroscopeViewController.swift in Sources */,
				1C3A5D711D3419920078887E /* AppDelegate.swift in Sources */,
			);
			runOnlyForDeploymentPostprocessing = 0;
		};
/* End PBXSourcesBuildPhase section */

/* Begin PBXVariantGroup section */
		1C3A5D741D3419920078887E /* Main.storyboard */ = {
			isa = PBXVariantGroup;
			children = (
				1C3A5D751D3419920078887E /* Base */,
			);
			name = Main.storyboard;
			sourceTree = "<group>";
		};
		1C3A5D791D3419920078887E /* LaunchScreen.storyboard */ = {
			isa = PBXVariantGroup;
			children = (
				1C3A5D7A1D3419920078887E /* Base */,
			);
			name = LaunchScreen.storyboard;
			sourceTree = "<group>";
		};
/* End PBXVariantGroup section */

/* Begin XCBuildConfiguration section */
		1C3A5D7D1D3419920078887E /* Debug */ = {
			isa = XCBuildConfiguration;
			buildSettings = {
				ALWAYS_SEARCH_USER_PATHS = NO;
				CLANG_ANALYZER_NONNULL = YES;
				CLANG_CXX_LANGUAGE_STANDARD = "gnu++0x";
				CLANG_CXX_LIBRARY = "libc++";
				CLANG_ENABLE_MODULES = YES;
				CLANG_ENABLE_OBJC_ARC = YES;
				CLANG_WARN_BOOL_CONVERSION = YES;
				CLANG_WARN_CONSTANT_CONVERSION = YES;
				CLANG_WARN_DIRECT_OBJC_ISA_USAGE = YES_ERROR;
				CLANG_WARN_EMPTY_BODY = YES;
				CLANG_WARN_ENUM_CONVERSION = YES;
				CLANG_WARN_INT_CONVERSION = YES;
				CLANG_WARN_OBJC_ROOT_CLASS = YES_ERROR;
				CLANG_WARN_UNREACHABLE_CODE = YES;
				CLANG_WARN__DUPLICATE_METHOD_MATCH = YES;
				"CODE_SIGN_IDENTITY[sdk=iphoneos*]" = "iPhone Developer";
				COPY_PHASE_STRIP = NO;
				DEBUG_INFORMATION_FORMAT = dwarf;
				ENABLE_STRICT_OBJC_MSGSEND = YES;
				ENABLE_TESTABILITY = YES;
				GCC_C_LANGUAGE_STANDARD = gnu99;
				GCC_DYNAMIC_NO_PIC = NO;
				GCC_NO_COMMON_BLOCKS = YES;
				GCC_OPTIMIZATION_LEVEL = 0;
				GCC_PREPROCESSOR_DEFINITIONS = (
					"DEBUG=1",
					"$(inherited)",
				);
				GCC_WARN_64_TO_32_BIT_CONVERSION = YES;
				GCC_WARN_ABOUT_RETURN_TYPE = YES_ERROR;
				GCC_WARN_UNDECLARED_SELECTOR = YES;
				GCC_WARN_UNINITIALIZED_AUTOS = YES_AGGRESSIVE;
				GCC_WARN_UNUSED_FUNCTION = YES;
				GCC_WARN_UNUSED_VARIABLE = YES;
				IPHONEOS_DEPLOYMENT_TARGET = 9.3;
				MTL_ENABLE_DEBUG_INFO = YES;
				ONLY_ACTIVE_ARCH = YES;
				SDKROOT = iphoneos;
				SWIFT_OPTIMIZATION_LEVEL = "-Onone";
				TARGETED_DEVICE_FAMILY = "1,2";
			};
			name = Debug;
		};
		1C3A5D7E1D3419920078887E /* Release */ = {
			isa = XCBuildConfiguration;
			buildSettings = {
				ALWAYS_SEARCH_USER_PATHS = NO;
				CLANG_ANALYZER_NONNULL = YES;
				CLANG_CXX_LANGUAGE_STANDARD = "gnu++0x";
				CLANG_CXX_LIBRARY = "libc++";
				CLANG_ENABLE_MODULES = YES;
				CLANG_ENABLE_OBJC_ARC = YES;
				CLANG_WARN_BOOL_CONVERSION = YES;
				CLANG_WARN_CONSTANT_CONVERSION = YES;
				CLANG_WARN_DIRECT_OBJC_ISA_USAGE = YES_ERROR;
				CLANG_WARN_EMPTY_BODY = YES;
				CLANG_WARN_ENUM_CONVERSION = YES;
				CLANG_WARN_INT_CONVERSION = YES;
				CLANG_WARN_OBJC_ROOT_CLASS = YES_ERROR;
				CLANG_WARN_UNREACHABLE_CODE = YES;
				CLANG_WARN__DUPLICATE_METHOD_MATCH = YES;
				"CODE_SIGN_IDENTITY[sdk=iphoneos*]" = "iPhone Developer";
				COPY_PHASE_STRIP = NO;
				DEBUG_INFORMATION_FORMAT = "dwarf-with-dsym";
				ENABLE_NS_ASSERTIONS = NO;
				ENABLE_STRICT_OBJC_MSGSEND = YES;
				GCC_C_LANGUAGE_STANDARD = gnu99;
				GCC_NO_COMMON_BLOCKS = YES;
				GCC_WARN_64_TO_32_BIT_CONVERSION = YES;
				GCC_WARN_ABOUT_RETURN_TYPE = YES_ERROR;
				GCC_WARN_UNDECLARED_SELECTOR = YES;
				GCC_WARN_UNINITIALIZED_AUTOS = YES_AGGRESSIVE;
				GCC_WARN_UNUSED_FUNCTION = YES;
				GCC_WARN_UNUSED_VARIABLE = YES;
				IPHONEOS_DEPLOYMENT_TARGET = 9.3;
				MTL_ENABLE_DEBUG_INFO = NO;
				SDKROOT = iphoneos;
				TARGETED_DEVICE_FAMILY = "1,2";
				VALIDATE_PRODUCT = YES;
			};
			name = Release;
		};
		1C3A5D801D3419920078887E /* Debug */ = {
			isa = XCBuildConfiguration;
			buildSettings = {
				ASSETCATALOG_COMPILER_APPICON_NAME = AppIcon;
				INFOPLIST_FILE = Sensors/Info.plist;
				LD_RUNPATH_SEARCH_PATHS = "$(inherited) @executable_path/Frameworks";
				PRODUCT_BUNDLE_IDENTIFIER = com.ideiadoluiz.Sensors;
				PRODUCT_NAME = "$(TARGET_NAME)";
			};
			name = Debug;
		};
		1C3A5D811D3419920078887E /* Release */ = {
			isa = XCBuildConfiguration;
			buildSettings = {
				ASSETCATALOG_COMPILER_APPICON_NAME = AppIcon;
				INFOPLIST_FILE = Sensors/Info.plist;
				LD_RUNPATH_SEARCH_PATHS = "$(inherited) @executable_path/Frameworks";
				PRODUCT_BUNDLE_IDENTIFIER = com.ideiadoluiz.Sensors;
				PRODUCT_NAME = "$(TARGET_NAME)";
			};
			name = Release;
		};
/* End XCBuildConfiguration section */

/* Begin XCConfigurationList section */
		1C3A5D681D3419910078887E /* Build configuration list for PBXProject "Sensors" */ = {
			isa = XCConfigurationList;
			buildConfigurations = (
				1C3A5D7D1D3419920078887E /* Debug */,
				1C3A5D7E1D3419920078887E /* Release */,
			);
			defaultConfigurationIsVisible = 0;
			defaultConfigurationName = Release;
		};
		1C3A5D7F1D3419920078887E /* Build configuration list for PBXNativeTarget "Sensors" */ = {
			isa = XCConfigurationList;
			buildConfigurations = (
				1C3A5D801D3419920078887E /* Debug */,
				1C3A5D811D3419920078887E /* Release */,
			);
			defaultConfigurationIsVisible = 0;
		};
/* End XCConfigurationList section */
	};
	rootObject = 1C3A5D651D3419910078887E /* Project object */;
}
