// !$*UTF8*$!
{
	archiveVersion = 1;
	classes = {
	};
	objectVersion = 46;
	objects = {

/* Begin PBXBuildFile section */
		254728E61DB80FA800E346F4 /* AppDelegate.swift in Sources */ = {isa = PBXBuildFile; fileRef = 254728E51DB80FA800E346F4 /* AppDelegate.swift */; };
		254728E81DB80FA800E346F4 /* ViewController.swift in Sources */ = {isa = PBXBuildFile; fileRef = 254728E71DB80FA800E346F4 /* ViewController.swift */; };
		254728EB1DB80FA800E346F4 /* Main.storyboard in Resources */ = {isa = PBXBuildFile; fileRef = 254728E91DB80FA800E346F4 /* Main.storyboard */; };
		254728ED1DB80FA800E346F4 /* Assets.xcassets in Resources */ = {isa = PBXBuildFile; fileRef = 254728EC1DB80FA800E346F4 /* Assets.xcassets */; };
		254728F01DB80FA800E346F4 /* LaunchScreen.storyboard in Resources */ = {isa = PBXBuildFile; fileRef = 254728EE1DB80FA800E346F4 /* LaunchScreen.storyboard */; };
/* End PBXBuildFile section */

/* Begin PBXFileReference section */
		254728E21DB80FA800E346F4 /* xzxxz.app */ = {isa = PBXFileReference; explicitFileType = wrapper.application; includeInIndex = 0; path = xzxxz.app; sourceTree = BUILT_PRODUCTS_DIR; };
		254728E51DB80FA800E346F4 /* AppDelegate.swift */ = {isa = PBXFileReference; lastKnownFileType = sourcecode.swift; path = AppDelegate.swift; sourceTree = "<group>"; };
		254728E71DB80FA800E346F4 /* ViewController.swift */ = {isa = PBXFileReference; lastKnownFileType = sourcecode.swift; path = ViewController.swift; sourceTree = "<group>"; };
		254728EA1DB80FA800E346F4 /* Base */ = {isa = PBXFileReference; lastKnownFileType = file.storyboard; name = Base; path = Base.lproj/Main.storyboard; sourceTree = "<group>"; };
		254728EC1DB80FA800E346F4 /* Assets.xcassets */ = {isa = PBXFileReference; lastKnownFileType = folder.assetcatalog; path = Assets.xcassets; sourceTree = "<group>"; };
		254728EF1DB80FA800E346F4 /* Base */ = {isa = PBXFileReference; lastKnownFileType = file.storyboard; name = Base; path = Base.lproj/LaunchScreen.storyboard; sourceTree = "<group>"; };
		254728F11DB80FA800E346F4 /* Info.plist */ = {isa = PBXFileReference; lastKnownFileType = text.plist.xml; path = Info.plist; sourceTree = "<group>"; };
/* End PBXFileReference section */

/* Begin PBXFrameworksBuildPhase section */
		254728DF1DB80FA800E346F4 /* Frameworks */ = {
			isa = PBXFrameworksBuildPhase;
			buildActionMask = 2147483647;
			files = (
			);
			runOnlyForDeploymentPostprocessing = 0;
		};
/* End PBXFrameworksBuildPhase section */

/* Begin PBXGroup section */
		254728D91DB80FA800E346F4 = {
			isa = PBXGroup;
			children = (
				254728E41DB80FA800E346F4 /* xzxxz */,
				254728E31DB80FA800E346F4 /* Products */,
			);
			sourceTree = "<group>";
		};
		254728E31DB80FA800E346F4 /* Products */ = {
			isa = PBXGroup;
			children = (
				254728E21DB80FA800E346F4 /* xzxxz.app */,
			);
			name = Products;
			sourceTree = "<group>";
		};
		254728E41DB80FA800E346F4 /* xzxxz */ = {
			isa = PBXGroup;
			children = (
				254728E51DB80FA800E346F4 /* AppDelegate.swift */,
				254728E71DB80FA800E346F4 /* ViewController.swift */,
				254728E91DB80FA800E346F4 /* Main.storyboard */,
				254728EC1DB80FA800E346F4 /* Assets.xcassets */,
				254728EE1DB80FA800E346F4 /* LaunchScreen.storyboard */,
				254728F11DB80FA800E346F4 /* Info.plist */,
			);
			path = xzxxz;
			sourceTree = "<group>";
		};
/* End PBXGroup section */

/* Begin PBXNativeTarget section */
		254728E11DB80FA800E346F4 /* xzxxz */ = {
			isa = PBXNativeTarget;
			buildConfigurationList = 254728F41DB80FA800E346F4 /* Build configuration list for PBXNativeTarget "xzxxz" */;
			buildPhases = (
				254728DE1DB80FA800E346F4 /* Sources */,
				254728DF1DB80FA800E346F4 /* Frameworks */,
				254728E01DB80FA800E346F4 /* Resources */,
			);
			buildRules = (
			);
			dependencies = (
			);
			name = xzxxz;
			productName = xzxxz;
			productReference = 254728E21DB80FA800E346F4 /* xzxxz.app */;
			productType = "com.apple.product-type.application";
		};
/* End PBXNativeTarget section */

/* Begin PBXProject section */
		254728DA1DB80FA800E346F4 /* Project object */ = {
			isa = PBXProject;
			attributes = {
				LastSwiftUpdateCheck = 0800;
				LastUpgradeCheck = 0800;
				ORGANIZATIONNAME = "Ideia do Luiz";
				TargetAttributes = {
					254728E11DB80FA800E346F4 = {
						CreatedOnToolsVersion = 8.0;
						ProvisioningStyle = Automatic;
					};
				};
			};
			buildConfigurationList = 254728DD1DB80FA800E346F4 /* Build configuration list for PBXProject "xzxxz" */;
			compatibilityVersion = "Xcode 3.2";
			developmentRegion = English;
			hasScannedForEncodings = 0;
			knownRegions = (
				en,
				Base,
			);
			mainGroup = 254728D91DB80FA800E346F4;
			productRefGroup = 254728E31DB80FA800E346F4 /* Products */;
			projectDirPath = "";
			projectRoot = "";
			targets = (
				254728E11DB80FA800E346F4 /* xzxxz */,
			);
		};
/* End PBXProject section */

/* Begin PBXResourcesBuildPhase section */
		254728E01DB80FA800E346F4 /* Resources */ = {
			isa = PBXResourcesBuildPhase;
			buildActionMask = 2147483647;
			files = (
				254728F01DB80FA800E346F4 /* LaunchScreen.storyboard in Resources */,
				254728ED1DB80FA800E346F4 /* Assets.xcassets in Resources */,
				254728EB1DB80FA800E346F4 /* Main.storyboard in Resources */,
			);
			runOnlyForDeploymentPostprocessing = 0;
		};
/* End PBXResourcesBuildPhase section */

/* Begin PBXSourcesBuildPhase section */
		254728DE1DB80FA800E346F4 /* Sources */ = {
			isa = PBXSourcesBuildPhase;
			buildActionMask = 2147483647;
			files = (
				254728E81DB80FA800E346F4 /* ViewController.swift in Sources */,
				254728E61DB80FA800E346F4 /* AppDelegate.swift in Sources */,
			);
			runOnlyForDeploymentPostprocessing = 0;
		};
/* End PBXSourcesBuildPhase section */

/* Begin PBXVariantGroup section */
		254728E91DB80FA800E346F4 /* Main.storyboard */ = {
			isa = PBXVariantGroup;
			children = (
				254728EA1DB80FA800E346F4 /* Base */,
			);
			name = Main.storyboard;
			sourceTree = "<group>";
		};
		254728EE1DB80FA800E346F4 /* LaunchScreen.storyboard */ = {
			isa = PBXVariantGroup;
			children = (
				254728EF1DB80FA800E346F4 /* Base */,
			);
			name = LaunchScreen.storyboard;
			sourceTree = "<group>";
		};
/* End PBXVariantGroup section */

/* Begin XCBuildConfiguration section */
		254728F21DB80FA800E346F4 /* Debug */ = {
			isa = XCBuildConfiguration;
			buildSettings = {
				ALWAYS_SEARCH_USER_PATHS = NO;
				CLANG_ANALYZER_NONNULL = YES;
				CLANG_CXX_LANGUAGE_STANDARD = "gnu++0x";
				CLANG_CXX_LIBRARY = "libc++";
				CLANG_ENABLE_MODULES = YES;
				CLANG_ENABLE_OBJC_ARC = YES;
				CLANG_WARN_BOOL_CONVERSION = YES;
				CLANG_WARN_CONSTANT_CONVERSION = YES;
				CLANG_WARN_DIRECT_OBJC_ISA_USAGE = YES_ERROR;
				CLANG_WARN_DOCUMENTATION_COMMENTS = YES;
				CLANG_WARN_EMPTY_BODY = YES;
				CLANG_WARN_ENUM_CONVERSION = YES;
				CLANG_WARN_INFINITE_RECURSION = YES;
				CLANG_WARN_INT_CONVERSION = YES;
				CLANG_WARN_OBJC_ROOT_CLASS = YES_ERROR;
				CLANG_WARN_SUSPICIOUS_MOVES = YES;
				CLANG_WARN_UNREACHABLE_CODE = YES;
				CLANG_WARN__DUPLICATE_METHOD_MATCH = YES;
				"CODE_SIGN_IDENTITY[sdk=iphoneos*]" = "iPhone Developer";
				COPY_PHASE_STRIP = NO;
				DEBUG_INFORMATION_FORMAT = dwarf;
				ENABLE_STRICT_OBJC_MSGSEND = YES;
				ENABLE_TESTABILITY = YES;
				GCC_C_LANGUAGE_STANDARD = gnu99;
				GCC_DYNAMIC_NO_PIC = NO;
				GCC_NO_COMMON_BLOCKS = YES;
				GCC_OPTIMIZATION_LEVEL = 0;
				GCC_PREPROCESSOR_DEFINITIONS = (
					"DEBUG=1",
					"$(inherited)",
				);
				GCC_WARN_64_TO_32_BIT_CONVERSION = YES;
				GCC_WARN_ABOUT_RETURN_TYPE = YES_ERROR;
				GCC_WARN_UNDECLARED_SELECTOR = YES;
				GCC_WARN_UNINITIALIZED_AUTOS = YES_AGGRESSIVE;
				GCC_WARN_UNUSED_FUNCTION = YES;
				GCC_WARN_UNUSED_VARIABLE = YES;
				IPHONEOS_DEPLOYMENT_TARGET = 10.0;
				MTL_ENABLE_DEBUG_INFO = YES;
				ONLY_ACTIVE_ARCH = YES;
				SDKROOT = iphoneos;
				SWIFT_ACTIVE_COMPILATION_CONDITIONS = DEBUG;
				SWIFT_OPTIMIZATION_LEVEL = "-Onone";
				TARGETED_DEVICE_FAMILY = "1,2";
			};
			name = Debug;
		};
		254728F31DB80FA800E346F4 /* Release */ = {
			isa = XCBuildConfiguration;
			buildSettings = {
				ALWAYS_SEARCH_USER_PATHS = NO;
				CLANG_ANALYZER_NONNULL = YES;
				CLANG_CXX_LANGUAGE_STANDARD = "gnu++0x";
				CLANG_CXX_LIBRARY = "libc++";
				CLANG_ENABLE_MODULES = YES;
				CLANG_ENABLE_OBJC_ARC = YES;
				CLANG_WARN_BOOL_CONVERSION = YES;
				CLANG_WARN_CONSTANT_CONVERSION = YES;
				CLANG_WARN_DIRECT_OBJC_ISA_USAGE = YES_ERROR;
				CLANG_WARN_DOCUMENTATION_COMMENTS = YES;
				CLANG_WARN_EMPTY_BODY = YES;
				CLANG_WARN_ENUM_CONVERSION = YES;
				CLANG_WARN_INFINITE_RECURSION = YES;
				CLANG_WARN_INT_CONVERSION = YES;
				CLANG_WARN_OBJC_ROOT_CLASS = YES_ERROR;
				CLANG_WARN_SUSPICIOUS_MOVES = YES;
				CLANG_WARN_UNREACHABLE_CODE = YES;
				CLANG_WARN__DUPLICATE_METHOD_MATCH = YES;
				"CODE_SIGN_IDENTITY[sdk=iphoneos*]" = "iPhone Developer";
				COPY_PHASE_STRIP = NO;
				DEBUG_INFORMATION_FORMAT = "dwarf-with-dsym";
				ENABLE_NS_ASSERTIONS = NO;
				ENABLE_STRICT_OBJC_MSGSEND = YES;
				GCC_C_LANGUAGE_STANDARD = gnu99;
				GCC_NO_COMMON_BLOCKS = YES;
				GCC_WARN_64_TO_32_BIT_CONVERSION = YES;
				GCC_WARN_ABOUT_RETURN_TYPE = YES_ERROR;
				GCC_WARN_UNDECLARED_SELECTOR = YES;
				GCC_WARN_UNINITIALIZED_AUTOS = YES_AGGRESSIVE;
				GCC_WARN_UNUSED_FUNCTION = YES;
				GCC_WARN_UNUSED_VARIABLE = YES;
				IPHONEOS_DEPLOYMENT_TARGET = 10.0;
				MTL_ENABLE_DEBUG_INFO = NO;
				SDKROOT = iphoneos;
				SWIFT_OPTIMIZATION_LEVEL = "-Owholemodule";
				TARGETED_DEVICE_FAMILY = "1,2";
				VALIDATE_PRODUCT = YES;
			};
			name = Release;
		};
		254728F51DB80FA800E346F4 /* Debug */ = {
			isa = XCBuildConfiguration;
			buildSettings = {
				ASSETCATALOG_COMPILER_APPICON_NAME = AppIcon;
				INFOPLIST_FILE = xzxxz/Info.plist;
				LD_RUNPATH_SEARCH_PATHS = "$(inherited) @executable_path/Frameworks";
				PRODUCT_BUNDLE_IDENTIFIER = com.ideiadoluiz.xzxxz;
				PRODUCT_NAME = "$(TARGET_NAME)";
				SWIFT_VERSION = 3.0;
			};
			name = Debug;
		};
		254728F61DB80FA800E346F4 /* Release */ = {
			isa = XCBuildConfiguration;
			buildSettings = {
				ASSETCATALOG_COMPILER_APPICON_NAME = AppIcon;
				INFOPLIST_FILE = xzxxz/Info.plist;
				LD_RUNPATH_SEARCH_PATHS = "$(inherited) @executable_path/Frameworks";
				PRODUCT_BUNDLE_IDENTIFIER = com.ideiadoluiz.xzxxz;
				PRODUCT_NAME = "$(TARGET_NAME)";
				SWIFT_VERSION = 3.0;
			};
			name = Release;
		};
/* End XCBuildConfiguration section */

/* Begin XCConfigurationList section */
		254728DD1DB80FA800E346F4 /* Build configuration list for PBXProject "xzxxz" */ = {
			isa = XCConfigurationList;
			buildConfigurations = (
				254728F21DB80FA800E346F4 /* Debug */,
				254728F31DB80FA800E346F4 /* Release */,
			);
			defaultConfigurationIsVisible = 0;
			defaultConfigurationName = Release;
		};
		254728F41DB80FA800E346F4 /* Build configuration list for PBXNativeTarget "xzxxz" */ = {
			isa = XCConfigurationList;
			buildConfigurations = (
				254728F51DB80FA800E346F4 /* Debug */,
				254728F61DB80FA800E346F4 /* Release */,
			);
			defaultConfigurationIsVisible = 0;
		};
/* End XCConfigurationList section */
	};
	rootObject = 254728DA1DB80FA800E346F4 /* Project object */;
}
