// !$*UTF8*$!
{
	archiveVersion = 1;
	classes = {
	};
	objectVersion = 46;
	objects = {

/* Begin PBXBuildFile section */
		808F32041D11C7900043D3C2 /* main.m in Sources */ = {isa = PBXBuildFile; fileRef = 808F32031D11C7900043D3C2 /* main.m */; };
		808F32071D11C7900043D3C2 /* AppDelegate.m in Sources */ = {isa = PBXBuildFile; fileRef = 808F32061D11C7900043D3C2 /* AppDelegate.m */; };
		808F320A1D11C7900043D3C2 /* ViewController.m in Sources */ = {isa = PBXBuildFile; fileRef = 808F32091D11C7900043D3C2 /* ViewController.m */; };
		808F320D1D11C7900043D3C2 /* Main.storyboard in Resources */ = {isa = PBXBuildFile; fileRef = 808F320B1D11C7900043D3C2 /* Main.storyboard */; };
		808F320F1D11C7900043D3C2 /* Assets.xcassets in Resources */ = {isa = PBXBuildFile; fileRef = 808F320E1D11C7900043D3C2 /* Assets.xcassets */; };
		808F32121D11C7900043D3C2 /* LaunchScreen.storyboard in Resources */ = {isa = PBXBuildFile; fileRef = 808F32101D11C7900043D3C2 /* LaunchScreen.storyboard */; };
/* End PBXBuildFile section */

/* Begin PBXFileReference section */
		808F31FF1D11C7900043D3C2 /* MovingThingsAround.app */ = {isa = PBXFileReference; explicitFileType = wrapper.application; includeInIndex = 0; path = MovingThingsAround.app; sourceTree = BUILT_PRODUCTS_DIR; };
		808F32031D11C7900043D3C2 /* main.m */ = {isa = PBXFileReference; lastKnownFileType = sourcecode.c.objc; path = main.m; sourceTree = "<group>"; };
		808F32051D11C7900043D3C2 /* AppDelegate.h */ = {isa = PBXFileReference; lastKnownFileType = sourcecode.c.h; path = AppDelegate.h; sourceTree = "<group>"; };
		808F32061D11C7900043D3C2 /* AppDelegate.m */ = {isa = PBXFileReference; lastKnownFileType = sourcecode.c.objc; path = AppDelegate.m; sourceTree = "<group>"; };
		808F32081D11C7900043D3C2 /* ViewController.h */ = {isa = PBXFileReference; lastKnownFileType = sourcecode.c.h; path = ViewController.h; sourceTree = "<group>"; };
		808F32091D11C7900043D3C2 /* ViewController.m */ = {isa = PBXFileReference; lastKnownFileType = sourcecode.c.objc; path = ViewController.m; sourceTree = "<group>"; };
		808F320C1D11C7900043D3C2 /* Base */ = {isa = PBXFileReference; lastKnownFileType = file.storyboard; name = Base; path = Base.lproj/Main.storyboard; sourceTree = "<group>"; };
		808F320E1D11C7900043D3C2 /* Assets.xcassets */ = {isa = PBXFileReference; lastKnownFileType = folder.assetcatalog; path = Assets.xcassets; sourceTree = "<group>"; };
		808F32111D11C7900043D3C2 /* Base */ = {isa = PBXFileReference; lastKnownFileType = file.storyboard; name = Base; path = Base.lproj/LaunchScreen.storyboard; sourceTree = "<group>"; };
		808F32131D11C7900043D3C2 /* Info.plist */ = {isa = PBXFileReference; lastKnownFileType = text.plist.xml; path = Info.plist; sourceTree = "<group>"; };
/* End PBXFileReference section */

/* Begin PBXFrameworksBuildPhase section */
		808F31FC1D11C7900043D3C2 /* Frameworks */ = {
			isa = PBXFrameworksBuildPhase;
			buildActionMask = 2147483647;
			files = (
			);
			runOnlyForDeploymentPostprocessing = 0;
		};
/* End PBXFrameworksBuildPhase section */

/* Begin PBXGroup section */
		808F31F61D11C7900043D3C2 = {
			isa = PBXGroup;
			children = (
				808F32011D11C7900043D3C2 /* MovingThingsAround */,
				808F32001D11C7900043D3C2 /* Products */,
			);
			sourceTree = "<group>";
		};
		808F32001D11C7900043D3C2 /* Products */ = {
			isa = PBXGroup;
			children = (
				808F31FF1D11C7900043D3C2 /* MovingThingsAround.app */,
			);
			name = Products;
			sourceTree = "<group>";
		};
		808F32011D11C7900043D3C2 /* MovingThingsAround */ = {
			isa = PBXGroup;
			children = (
				808F32051D11C7900043D3C2 /* AppDelegate.h */,
				808F32061D11C7900043D3C2 /* AppDelegate.m */,
				808F32081D11C7900043D3C2 /* ViewController.h */,
				808F32091D11C7900043D3C2 /* ViewController.m */,
				808F320B1D11C7900043D3C2 /* Main.storyboard */,
				808F320E1D11C7900043D3C2 /* Assets.xcassets */,
				808F32101D11C7900043D3C2 /* LaunchScreen.storyboard */,
				808F32131D11C7900043D3C2 /* Info.plist */,
				808F32021D11C7900043D3C2 /* Supporting Files */,
			);
			path = MovingThingsAround;
			sourceTree = "<group>";
		};
		808F32021D11C7900043D3C2 /* Supporting Files */ = {
			isa = PBXGroup;
			children = (
				808F32031D11C7900043D3C2 /* main.m */,
			);
			name = "Supporting Files";
			sourceTree = "<group>";
		};
/* End PBXGroup section */

/* Begin PBXNativeTarget section */
		808F31FE1D11C7900043D3C2 /* MovingThingsAround */ = {
			isa = PBXNativeTarget;
			buildConfigurationList = 808F32161D11C7900043D3C2 /* Build configuration list for PBXNativeTarget "MovingThingsAround" */;
			buildPhases = (
				808F31FB1D11C7900043D3C2 /* Sources */,
				808F31FC1D11C7900043D3C2 /* Frameworks */,
				808F31FD1D11C7900043D3C2 /* Resources */,
			);
			buildRules = (
			);
			dependencies = (
			);
			name = MovingThingsAround;
			productName = MovingThingsAround;
			productReference = 808F31FF1D11C7900043D3C2 /* MovingThingsAround.app */;
			productType = "com.apple.product-type.application";
		};
/* End PBXNativeTarget section */

/* Begin PBXProject section */
		808F31F71D11C7900043D3C2 /* Project object */ = {
			isa = PBXProject;
			attributes = {
				LastUpgradeCheck = 0730;
				ORGANIZATIONNAME = "Digby Andrews";
				TargetAttributes = {
					808F31FE1D11C7900043D3C2 = {
						CreatedOnToolsVersion = 7.3.1;
					};
				};
			};
			buildConfigurationList = 808F31FA1D11C7900043D3C2 /* Build configuration list for PBXProject "MovingThingsAround" */;
			compatibilityVersion = "Xcode 3.2";
			developmentRegion = English;
			hasScannedForEncodings = 0;
			knownRegions = (
				en,
				Base,
			);
			mainGroup = 808F31F61D11C7900043D3C2;
			productRefGroup = 808F32001D11C7900043D3C2 /* Products */;
			projectDirPath = "";
			projectRoot = "";
			targets = (
				808F31FE1D11C7900043D3C2 /* MovingThingsAround */,
			);
		};
/* End PBXProject section */

/* Begin PBXResourcesBuildPhase section */
		808F31FD1D11C7900043D3C2 /* Resources */ = {
			isa = PBXResourcesBuildPhase;
			buildActionMask = 2147483647;
			files = (
				808F32121D11C7900043D3C2 /* LaunchScreen.storyboard in Resources */,
				808F320F1D11C7900043D3C2 /* Assets.xcassets in Resources */,
				808F320D1D11C7900043D3C2 /* Main.storyboard in Resources */,
			);
			runOnlyForDeploymentPostprocessing = 0;
		};
/* End PBXResourcesBuildPhase section */

/* Begin PBXSourcesBuildPhase section */
		808F31FB1D11C7900043D3C2 /* Sources */ = {
			isa = PBXSourcesBuildPhase;
			buildActionMask = 2147483647;
			files = (
				808F320A1D11C7900043D3C2 /* ViewController.m in Sources */,
				808F32071D11C7900043D3C2 /* AppDelegate.m in Sources */,
				808F32041D11C7900043D3C2 /* main.m in Sources */,
			);
			runOnlyForDeploymentPostprocessing = 0;
		};
/* End PBXSourcesBuildPhase section */

/* Begin PBXVariantGroup section */
		808F320B1D11C7900043D3C2 /* Main.storyboard */ = {
			isa = PBXVariantGroup;
			children = (
				808F320C1D11C7900043D3C2 /* Base */,
			);
			name = Main.storyboard;
			sourceTree = "<group>";
		};
		808F32101D11C7900043D3C2 /* LaunchScreen.storyboard */ = {
			isa = PBXVariantGroup;
			children = (
				808F32111D11C7900043D3C2 /* Base */,
			);
			name = LaunchScreen.storyboard;
			sourceTree = "<group>";
		};
/* End PBXVariantGroup section */

/* Begin XCBuildConfiguration section */
		808F32141D11C7900043D3C2 /* Debug */ = {
			isa = XCBuildConfiguration;
			buildSettings = {
				ALWAYS_SEARCH_USER_PATHS = NO;
				CLANG_ANALYZER_NONNULL = YES;
				CLANG_CXX_LANGUAGE_STANDARD = "gnu++0x";
				CLANG_CXX_LIBRARY = "libc++";
				CLANG_ENABLE_MODULES = YES;
				CLANG_ENABLE_OBJC_ARC = YES;
				CLANG_WARN_BOOL_CONVERSION = YES;
				CLANG_WARN_CONSTANT_CONVERSION = YES;
				CLANG_WARN_DIRECT_OBJC_ISA_USAGE = YES_ERROR;
				CLANG_WARN_EMPTY_BODY = YES;
				CLANG_WARN_ENUM_CONVERSION = YES;
				CLANG_WARN_INT_CONVERSION = YES;
				CLANG_WARN_OBJC_ROOT_CLASS = YES_ERROR;
				CLANG_WARN_UNREACHABLE_CODE = YES;
				CLANG_WARN__DUPLICATE_METHOD_MATCH = YES;
				"CODE_SIGN_IDENTITY[sdk=iphoneos*]" = "iPhone Developer";
				COPY_PHASE_STRIP = NO;
				DEBUG_INFORMATION_FORMAT = dwarf;
				ENABLE_STRICT_OBJC_MSGSEND = YES;
				ENABLE_TESTABILITY = YES;
				GCC_C_LANGUAGE_STANDARD = gnu99;
				GCC_DYNAMIC_NO_PIC = NO;
				GCC_NO_COMMON_BLOCKS = YES;
				GCC_OPTIMIZATION_LEVEL = 0;
				GCC_PREPROCESSOR_DEFINITIONS = (
					"DEBUG=1",
					"$(inherited)",
				);
				GCC_WARN_64_TO_32_BIT_CONVERSION = YES;
				GCC_WARN_ABOUT_RETURN_TYPE = YES_ERROR;
				GCC_WARN_UNDECLARED_SELECTOR = YES;
				GCC_WARN_UNINITIALIZED_AUTOS = YES_AGGRESSIVE;
				GCC_WARN_UNUSED_FUNCTION = YES;
				GCC_WARN_UNUSED_VARIABLE = YES;
				IPHONEOS_DEPLOYMENT_TARGET = 9.3;
				MTL_ENABLE_DEBUG_INFO = YES;
				ONLY_ACTIVE_ARCH = YES;
				SDKROOT = iphoneos;
				TARGETED_DEVICE_FAMILY = "1,2";
			};
			name = Debug;
		};
		808F32151D11C7900043D3C2 /* Release */ = {
			isa = XCBuildConfiguration;
			buildSettings = {
				ALWAYS_SEARCH_USER_PATHS = NO;
				CLANG_ANALYZER_NONNULL = YES;
				CLANG_CXX_LANGUAGE_STANDARD = "gnu++0x";
				CLANG_CXX_LIBRARY = "libc++";
				CLANG_ENABLE_MODULES = YES;
				CLANG_ENABLE_OBJC_ARC = YES;
				CLANG_WARN_BOOL_CONVERSION = YES;
				CLANG_WARN_CONSTANT_CONVERSION = YES;
				CLANG_WARN_DIRECT_OBJC_ISA_USAGE = YES_ERROR;
				CLANG_WARN_EMPTY_BODY = YES;
				CLANG_WARN_ENUM_CONVERSION = YES;
				CLANG_WARN_INT_CONVERSION = YES;
				CLANG_WARN_OBJC_ROOT_CLASS = YES_ERROR;
				CLANG_WARN_UNREACHABLE_CODE = YES;
				CLANG_WARN__DUPLICATE_METHOD_MATCH = YES;
				"CODE_SIGN_IDENTITY[sdk=iphoneos*]" = "iPhone Developer";
				COPY_PHASE_STRIP = NO;
				DEBUG_INFORMATION_FORMAT = "dwarf-with-dsym";
				ENABLE_NS_ASSERTIONS = NO;
				ENABLE_STRICT_OBJC_MSGSEND = YES;
				GCC_C_LANGUAGE_STANDARD = gnu99;
				GCC_NO_COMMON_BLOCKS = YES;
				GCC_WARN_64_TO_32_BIT_CONVERSION = YES;
				GCC_WARN_ABOUT_RETURN_TYPE = YES_ERROR;
				GCC_WARN_UNDECLARED_SELECTOR = YES;
				GCC_WARN_UNINITIALIZED_AUTOS = YES_AGGRESSIVE;
				GCC_WARN_UNUSED_FUNCTION = YES;
				GCC_WARN_UNUSED_VARIABLE = YES;
				IPHONEOS_DEPLOYMENT_TARGET = 9.3;
				MTL_ENABLE_DEBUG_INFO = NO;
				SDKROOT = iphoneos;
				TARGETED_DEVICE_FAMILY = "1,2";
				VALIDATE_PRODUCT = YES;
			};
			name = Release;
		};
		808F32171D11C7900043D3C2 /* Debug */ = {
			isa = XCBuildConfiguration;
			buildSettings = {
				ASSETCATALOG_COMPILER_APPICON_NAME = AppIcon;
				INFOPLIST_FILE = MovingThingsAround/Info.plist;
				LD_RUNPATH_SEARCH_PATHS = "$(inherited) @executable_path/Frameworks";
				PRODUCT_BUNDLE_IDENTIFIER = com.ciccc.digby.MovingThingsAround;
				PRODUCT_NAME = "$(TARGET_NAME)";
			};
			name = Debug;
		};
		808F32181D11C7900043D3C2 /* Release */ = {
			isa = XCBuildConfiguration;
			buildSettings = {
				ASSETCATALOG_COMPILER_APPICON_NAME = AppIcon;
				INFOPLIST_FILE = MovingThingsAround/Info.plist;
				LD_RUNPATH_SEARCH_PATHS = "$(inherited) @executable_path/Frameworks";
				PRODUCT_BUNDLE_IDENTIFIER = com.ciccc.digby.MovingThingsAround;
				PRODUCT_NAME = "$(TARGET_NAME)";
			};
			name = Release;
		};
/* End XCBuildConfiguration section */

/* Begin XCConfigurationList section */
		808F31FA1D11C7900043D3C2 /* Build configuration list for PBXProject "MovingThingsAround" */ = {
			isa = XCConfigurationList;
			buildConfigurations = (
				808F32141D11C7900043D3C2 /* Debug */,
				808F32151D11C7900043D3C2 /* Release */,
			);
			defaultConfigurationIsVisible = 0;
			defaultConfigurationName = Release;
		};
		808F32161D11C7900043D3C2 /* Build configuration list for PBXNativeTarget "MovingThingsAround" */ = {
			isa = XCConfigurationList;
			buildConfigurations = (
				808F32171D11C7900043D3C2 /* Debug */,
				808F32181D11C7900043D3C2 /* Release */,
			);
			defaultConfigurationIsVisible = 0;
		};
/* End XCConfigurationList section */
	};
	rootObject = 808F31F71D11C7900043D3C2 /* Project object */;
}
