// !$*UTF8*$!
{
	archiveVersion = 1;
	classes = {
	};
	objectVersion = 46;
	objects = {

/* Begin PBXBuildFile section */
		EE3BA7721DB6DA2D0027487F /* AppDelegate.swift in Sources */ = {isa = PBXBuildFile; fileRef = EE3BA7711DB6DA2D0027487F /* AppDelegate.swift */; };
		EE3BA7741DB6DA2D0027487F /* ViewController.swift in Sources */ = {isa = PBXBuildFile; fileRef = EE3BA7731DB6DA2D0027487F /* ViewController.swift */; };
		EE3BA7771DB6DA2D0027487F /* Main.storyboard in Resources */ = {isa = PBXBuildFile; fileRef = EE3BA7751DB6DA2D0027487F /* Main.storyboard */; };
		EE3BA7791DB6DA2D0027487F /* Assets.xcassets in Resources */ = {isa = PBXBuildFile; fileRef = EE3BA7781DB6DA2D0027487F /* Assets.xcassets */; };
		EE3BA77C1DB6DA2D0027487F /* LaunchScreen.storyboard in Resources */ = {isa = PBXBuildFile; fileRef = EE3BA77A1DB6DA2D0027487F /* LaunchScreen.storyboard */; };
/* End PBXBuildFile section */

/* Begin PBXFileReference section */
		EE3BA76E1DB6DA2D0027487F /* TopBarController.app */ = {isa = PBXFileReference; explicitFileType = wrapper.application; includeInIndex = 0; path = TopBarController.app; sourceTree = BUILT_PRODUCTS_DIR; };
		EE3BA7711DB6DA2D0027487F /* AppDelegate.swift */ = {isa = PBXFileReference; lastKnownFileType = sourcecode.swift; path = AppDelegate.swift; sourceTree = "<group>"; };
		EE3BA7731DB6DA2D0027487F /* ViewController.swift */ = {isa = PBXFileReference; lastKnownFileType = sourcecode.swift; path = ViewController.swift; sourceTree = "<group>"; };
		EE3BA7761DB6DA2D0027487F /* Base */ = {isa = PBXFileReference; lastKnownFileType = file.storyboard; name = Base; path = Base.lproj/Main.storyboard; sourceTree = "<group>"; };
		EE3BA7781DB6DA2D0027487F /* Assets.xcassets */ = {isa = PBXFileReference; lastKnownFileType = folder.assetcatalog; path = Assets.xcassets; sourceTree = "<group>"; };
		EE3BA77B1DB6DA2D0027487F /* Base */ = {isa = PBXFileReference; lastKnownFileType = file.storyboard; name = Base; path = Base.lproj/LaunchScreen.storyboard; sourceTree = "<group>"; };
		EE3BA77D1DB6DA2D0027487F /* Info.plist */ = {isa = PBXFileReference; lastKnownFileType = text.plist.xml; path = Info.plist; sourceTree = "<group>"; };
/* End PBXFileReference section */

/* Begin PBXFrameworksBuildPhase section */
		EE3BA76B1DB6DA2D0027487F /* Frameworks */ = {
			isa = PBXFrameworksBuildPhase;
			buildActionMask = 2147483647;
			files = (
			);
			runOnlyForDeploymentPostprocessing = 0;
		};
/* End PBXFrameworksBuildPhase section */

/* Begin PBXGroup section */
		EE3BA7651DB6DA2D0027487F = {
			isa = PBXGroup;
			children = (
				EE3BA7701DB6DA2D0027487F /* TopBarController */,
				EE3BA76F1DB6DA2D0027487F /* Products */,
			);
			sourceTree = "<group>";
		};
		EE3BA76F1DB6DA2D0027487F /* Products */ = {
			isa = PBXGroup;
			children = (
				EE3BA76E1DB6DA2D0027487F /* TopBarController.app */,
			);
			name = Products;
			sourceTree = "<group>";
		};
		EE3BA7701DB6DA2D0027487F /* TopBarController */ = {
			isa = PBXGroup;
			children = (
				EE3BA7711DB6DA2D0027487F /* AppDelegate.swift */,
				EE3BA7731DB6DA2D0027487F /* ViewController.swift */,
				EE3BA7751DB6DA2D0027487F /* Main.storyboard */,
				EE3BA7781DB6DA2D0027487F /* Assets.xcassets */,
				EE3BA77A1DB6DA2D0027487F /* LaunchScreen.storyboard */,
				EE3BA77D1DB6DA2D0027487F /* Info.plist */,
			);
			path = TopBarController;
			sourceTree = "<group>";
		};
/* End PBXGroup section */

/* Begin PBXNativeTarget section */
		EE3BA76D1DB6DA2D0027487F /* TopBarController */ = {
			isa = PBXNativeTarget;
			buildConfigurationList = EE3BA7801DB6DA2D0027487F /* Build configuration list for PBXNativeTarget "TopBarController" */;
			buildPhases = (
				EE3BA76A1DB6DA2D0027487F /* Sources */,
				EE3BA76B1DB6DA2D0027487F /* Frameworks */,
				EE3BA76C1DB6DA2D0027487F /* Resources */,
			);
			buildRules = (
			);
			dependencies = (
			);
			name = TopBarController;
			productName = TopBarController;
			productReference = EE3BA76E1DB6DA2D0027487F /* TopBarController.app */;
			productType = "com.apple.product-type.application";
		};
/* End PBXNativeTarget section */

/* Begin PBXProject section */
		EE3BA7661DB6DA2D0027487F /* Project object */ = {
			isa = PBXProject;
			attributes = {
				LastSwiftUpdateCheck = 0800;
				LastUpgradeCheck = 0800;
				ORGANIZATIONNAME = Boyoung;
				TargetAttributes = {
					EE3BA76D1DB6DA2D0027487F = {
						CreatedOnToolsVersion = 8.0;
						ProvisioningStyle = Automatic;
					};
				};
			};
			buildConfigurationList = EE3BA7691DB6DA2D0027487F /* Build configuration list for PBXProject "TopBarController" */;
			compatibilityVersion = "Xcode 3.2";
			developmentRegion = English;
			hasScannedForEncodings = 0;
			knownRegions = (
				en,
				Base,
			);
			mainGroup = EE3BA7651DB6DA2D0027487F;
			productRefGroup = EE3BA76F1DB6DA2D0027487F /* Products */;
			projectDirPath = "";
			projectRoot = "";
			targets = (
				EE3BA76D1DB6DA2D0027487F /* TopBarController */,
			);
		};
/* End PBXProject section */

/* Begin PBXResourcesBuildPhase section */
		EE3BA76C1DB6DA2D0027487F /* Resources */ = {
			isa = PBXResourcesBuildPhase;
			buildActionMask = 2147483647;
			files = (
				EE3BA77C1DB6DA2D0027487F /* LaunchScreen.storyboard in Resources */,
				EE3BA7791DB6DA2D0027487F /* Assets.xcassets in Resources */,
				EE3BA7771DB6DA2D0027487F /* Main.storyboard in Resources */,
			);
			runOnlyForDeploymentPostprocessing = 0;
		};
/* End PBXResourcesBuildPhase section */

/* Begin PBXSourcesBuildPhase section */
		EE3BA76A1DB6DA2D0027487F /* Sources */ = {
			isa = PBXSourcesBuildPhase;
			buildActionMask = 2147483647;
			files = (
				EE3BA7741DB6DA2D0027487F /* ViewController.swift in Sources */,
				EE3BA7721DB6DA2D0027487F /* AppDelegate.swift in Sources */,
			);
			runOnlyForDeploymentPostprocessing = 0;
		};
/* End PBXSourcesBuildPhase section */

/* Begin PBXVariantGroup section */
		EE3BA7751DB6DA2D0027487F /* Main.storyboard */ = {
			isa = PBXVariantGroup;
			children = (
				EE3BA7761DB6DA2D0027487F /* Base */,
			);
			name = Main.storyboard;
			sourceTree = "<group>";
		};
		EE3BA77A1DB6DA2D0027487F /* LaunchScreen.storyboard */ = {
			isa = PBXVariantGroup;
			children = (
				EE3BA77B1DB6DA2D0027487F /* Base */,
			);
			name = LaunchScreen.storyboard;
			sourceTree = "<group>";
		};
/* End PBXVariantGroup section */

/* Begin XCBuildConfiguration section */
		EE3BA77E1DB6DA2D0027487F /* Debug */ = {
			isa = XCBuildConfiguration;
			buildSettings = {
				ALWAYS_SEARCH_USER_PATHS = NO;
				CLANG_ANALYZER_NONNULL = YES;
				CLANG_CXX_LANGUAGE_STANDARD = "gnu++0x";
				CLANG_CXX_LIBRARY = "libc++";
				CLANG_ENABLE_MODULES = YES;
				CLANG_ENABLE_OBJC_ARC = YES;
				CLANG_WARN_BOOL_CONVERSION = YES;
				CLANG_WARN_CONSTANT_CONVERSION = YES;
				CLANG_WARN_DIRECT_OBJC_ISA_USAGE = YES_ERROR;
				CLANG_WARN_DOCUMENTATION_COMMENTS = YES;
				CLANG_WARN_EMPTY_BODY = YES;
				CLANG_WARN_ENUM_CONVERSION = YES;
				CLANG_WARN_INFINITE_RECURSION = YES;
				CLANG_WARN_INT_CONVERSION = YES;
				CLANG_WARN_OBJC_ROOT_CLASS = YES_ERROR;
				CLANG_WARN_SUSPICIOUS_MOVES = YES;
				CLANG_WARN_UNREACHABLE_CODE = YES;
				CLANG_WARN__DUPLICATE_METHOD_MATCH = YES;
				"CODE_SIGN_IDENTITY[sdk=iphoneos*]" = "iPhone Developer";
				COPY_PHASE_STRIP = NO;
				DEBUG_INFORMATION_FORMAT = dwarf;
				ENABLE_STRICT_OBJC_MSGSEND = YES;
				ENABLE_TESTABILITY = YES;
				GCC_C_LANGUAGE_STANDARD = gnu99;
				GCC_DYNAMIC_NO_PIC = NO;
				GCC_NO_COMMON_BLOCKS = YES;
				GCC_OPTIMIZATION_LEVEL = 0;
				GCC_PREPROCESSOR_DEFINITIONS = (
					"DEBUG=1",
					"$(inherited)",
				);
				GCC_WARN_64_TO_32_BIT_CONVERSION = YES;
				GCC_WARN_ABOUT_RETURN_TYPE = YES_ERROR;
				GCC_WARN_UNDECLARED_SELECTOR = YES;
				GCC_WARN_UNINITIALIZED_AUTOS = YES_AGGRESSIVE;
				GCC_WARN_UNUSED_FUNCTION = YES;
				GCC_WARN_UNUSED_VARIABLE = YES;
				IPHONEOS_DEPLOYMENT_TARGET = 10.0;
				MTL_ENABLE_DEBUG_INFO = YES;
				ONLY_ACTIVE_ARCH = YES;
				SDKROOT = iphoneos;
				SWIFT_ACTIVE_COMPILATION_CONDITIONS = DEBUG;
				SWIFT_OPTIMIZATION_LEVEL = "-Onone";
				TARGETED_DEVICE_FAMILY = "1,2";
			};
			name = Debug;
		};
		EE3BA77F1DB6DA2D0027487F /* Release */ = {
			isa = XCBuildConfiguration;
			buildSettings = {
				ALWAYS_SEARCH_USER_PATHS = NO;
				CLANG_ANALYZER_NONNULL = YES;
				CLANG_CXX_LANGUAGE_STANDARD = "gnu++0x";
				CLANG_CXX_LIBRARY = "libc++";
				CLANG_ENABLE_MODULES = YES;
				CLANG_ENABLE_OBJC_ARC = YES;
				CLANG_WARN_BOOL_CONVERSION = YES;
				CLANG_WARN_CONSTANT_CONVERSION = YES;
				CLANG_WARN_DIRECT_OBJC_ISA_USAGE = YES_ERROR;
				CLANG_WARN_DOCUMENTATION_COMMENTS = YES;
				CLANG_WARN_EMPTY_BODY = YES;
				CLANG_WARN_ENUM_CONVERSION = YES;
				CLANG_WARN_INFINITE_RECURSION = YES;
				CLANG_WARN_INT_CONVERSION = YES;
				CLANG_WARN_OBJC_ROOT_CLASS = YES_ERROR;
				CLANG_WARN_SUSPICIOUS_MOVES = YES;
				CLANG_WARN_UNREACHABLE_CODE = YES;
				CLANG_WARN__DUPLICATE_METHOD_MATCH = YES;
				"CODE_SIGN_IDENTITY[sdk=iphoneos*]" = "iPhone Developer";
				COPY_PHASE_STRIP = NO;
				DEBUG_INFORMATION_FORMAT = "dwarf-with-dsym";
				ENABLE_NS_ASSERTIONS = NO;
				ENABLE_STRICT_OBJC_MSGSEND = YES;
				GCC_C_LANGUAGE_STANDARD = gnu99;
				GCC_NO_COMMON_BLOCKS = YES;
				GCC_WARN_64_TO_32_BIT_CONVERSION = YES;
				GCC_WARN_ABOUT_RETURN_TYPE = YES_ERROR;
				GCC_WARN_UNDECLARED_SELECTOR = YES;
				GCC_WARN_UNINITIALIZED_AUTOS = YES_AGGRESSIVE;
				GCC_WARN_UNUSED_FUNCTION = YES;
				GCC_WARN_UNUSED_VARIABLE = YES;
				IPHONEOS_DEPLOYMENT_TARGET = 10.0;
				MTL_ENABLE_DEBUG_INFO = NO;
				SDKROOT = iphoneos;
				SWIFT_OPTIMIZATION_LEVEL = "-Owholemodule";
				TARGETED_DEVICE_FAMILY = "1,2";
				VALIDATE_PRODUCT = YES;
			};
			name = Release;
		};
		EE3BA7811DB6DA2D0027487F /* Debug */ = {
			isa = XCBuildConfiguration;
			buildSettings = {
				ASSETCATALOG_COMPILER_APPICON_NAME = AppIcon;
				INFOPLIST_FILE = TopBarController/Info.plist;
				LD_RUNPATH_SEARCH_PATHS = "$(inherited) @executable_path/Frameworks";
				PRODUCT_BUNDLE_IDENTIFIER = com.boyoung.TopBarController;
				PRODUCT_NAME = "$(TARGET_NAME)";
				SWIFT_VERSION = 3.0;
			};
			name = Debug;
		};
		EE3BA7821DB6DA2D0027487F /* Release */ = {
			isa = XCBuildConfiguration;
			buildSettings = {
				ASSETCATALOG_COMPILER_APPICON_NAME = AppIcon;
				INFOPLIST_FILE = TopBarController/Info.plist;
				LD_RUNPATH_SEARCH_PATHS = "$(inherited) @executable_path/Frameworks";
				PRODUCT_BUNDLE_IDENTIFIER = com.boyoung.TopBarController;
				PRODUCT_NAME = "$(TARGET_NAME)";
				SWIFT_VERSION = 3.0;
			};
			name = Release;
		};
/* End XCBuildConfiguration section */

/* Begin XCConfigurationList section */
		EE3BA7691DB6DA2D0027487F /* Build configuration list for PBXProject "TopBarController" */ = {
			isa = XCConfigurationList;
			buildConfigurations = (
				EE3BA77E1DB6DA2D0027487F /* Debug */,
				EE3BA77F1DB6DA2D0027487F /* Release */,
			);
			defaultConfigurationIsVisible = 0;
			defaultConfigurationName = Release;
		};
		EE3BA7801DB6DA2D0027487F /* Build configuration list for PBXNativeTarget "TopBarController" */ = {
			isa = XCConfigurationList;
			buildConfigurations = (
				EE3BA7811DB6DA2D0027487F /* Debug */,
				EE3BA7821DB6DA2D0027487F /* Release */,
			);
			defaultConfigurationIsVisible = 0;
		};
/* End XCConfigurationList section */
	};
	rootObject = EE3BA7661DB6DA2D0027487F /* Project object */;
}
