// !$*UTF8*$!
{
	archiveVersion = 1;
	classes = {
	};
	objectVersion = 46;
	objects = {

/* Begin PBXBuildFile section */
		259BB09E1DD131E00025E390 /* AppDelegate.swift in Sources */ = {isa = PBXBuildFile; fileRef = 259BB09D1DD131E00025E390 /* AppDelegate.swift */; };
		259BB0A01DD131E00025E390 /* ViewController.swift in Sources */ = {isa = PBXBuildFile; fileRef = 259BB09F1DD131E00025E390 /* ViewController.swift */; };
		259BB0A31DD131E00025E390 /* Main.storyboard in Resources */ = {isa = PBXBuildFile; fileRef = 259BB0A11DD131E00025E390 /* Main.storyboard */; };
		259BB0A51DD131E00025E390 /* Assets.xcassets in Resources */ = {isa = PBXBuildFile; fileRef = 259BB0A41DD131E00025E390 /* Assets.xcassets */; };
		259BB0A81DD131E00025E390 /* LaunchScreen.storyboard in Resources */ = {isa = PBXBuildFile; fileRef = 259BB0A61DD131E00025E390 /* LaunchScreen.storyboard */; };
		259BB0B11DD1327C0025E390 /* CoreMotion.framework in Frameworks */ = {isa = PBXBuildFile; fileRef = 259BB0B01DD1327C0025E390 /* CoreMotion.framework */; };
/* End PBXBuildFile section */

/* Begin PBXFileReference section */
		259BB09A1DD131E00025E390 /* Sensors.app */ = {isa = PBXFileReference; explicitFileType = wrapper.application; includeInIndex = 0; path = Sensors.app; sourceTree = BUILT_PRODUCTS_DIR; };
		259BB09D1DD131E00025E390 /* AppDelegate.swift */ = {isa = PBXFileReference; lastKnownFileType = sourcecode.swift; path = AppDelegate.swift; sourceTree = "<group>"; };
		259BB09F1DD131E00025E390 /* ViewController.swift */ = {isa = PBXFileReference; lastKnownFileType = sourcecode.swift; path = ViewController.swift; sourceTree = "<group>"; };
		259BB0A21DD131E00025E390 /* Base */ = {isa = PBXFileReference; lastKnownFileType = file.storyboard; name = Base; path = Base.lproj/Main.storyboard; sourceTree = "<group>"; };
		259BB0A41DD131E00025E390 /* Assets.xcassets */ = {isa = PBXFileReference; lastKnownFileType = folder.assetcatalog; path = Assets.xcassets; sourceTree = "<group>"; };
		259BB0A71DD131E00025E390 /* Base */ = {isa = PBXFileReference; lastKnownFileType = file.storyboard; name = Base; path = Base.lproj/LaunchScreen.storyboard; sourceTree = "<group>"; };
		259BB0A91DD131E00025E390 /* Info.plist */ = {isa = PBXFileReference; lastKnownFileType = text.plist.xml; path = Info.plist; sourceTree = "<group>"; };
		259BB0B01DD1327C0025E390 /* CoreMotion.framework */ = {isa = PBXFileReference; lastKnownFileType = wrapper.framework; name = CoreMotion.framework; path = System/Library/Frameworks/CoreMotion.framework; sourceTree = SDKROOT; };
/* End PBXFileReference section */

/* Begin PBXFrameworksBuildPhase section */
		259BB0971DD131DF0025E390 /* Frameworks */ = {
			isa = PBXFrameworksBuildPhase;
			buildActionMask = 2147483647;
			files = (
				259BB0B11DD1327C0025E390 /* CoreMotion.framework in Frameworks */,
			);
			runOnlyForDeploymentPostprocessing = 0;
		};
/* End PBXFrameworksBuildPhase section */

/* Begin PBXGroup section */
		259BB0911DD131DF0025E390 = {
			isa = PBXGroup;
			children = (
				259BB09C1DD131E00025E390 /* Sensors */,
				259BB09B1DD131E00025E390 /* Products */,
				259BB0AF1DD1327C0025E390 /* Frameworks */,
			);
			sourceTree = "<group>";
		};
		259BB09B1DD131E00025E390 /* Products */ = {
			isa = PBXGroup;
			children = (
				259BB09A1DD131E00025E390 /* Sensors.app */,
			);
			name = Products;
			sourceTree = "<group>";
		};
		259BB09C1DD131E00025E390 /* Sensors */ = {
			isa = PBXGroup;
			children = (
				259BB09D1DD131E00025E390 /* AppDelegate.swift */,
				259BB09F1DD131E00025E390 /* ViewController.swift */,
				259BB0A11DD131E00025E390 /* Main.storyboard */,
				259BB0A41DD131E00025E390 /* Assets.xcassets */,
				259BB0A61DD131E00025E390 /* LaunchScreen.storyboard */,
				259BB0A91DD131E00025E390 /* Info.plist */,
			);
			path = Sensors;
			sourceTree = "<group>";
		};
		259BB0AF1DD1327C0025E390 /* Frameworks */ = {
			isa = PBXGroup;
			children = (
				259BB0B01DD1327C0025E390 /* CoreMotion.framework */,
			);
			name = Frameworks;
			sourceTree = "<group>";
		};
/* End PBXGroup section */

/* Begin PBXNativeTarget section */
		259BB0991DD131DF0025E390 /* Sensors */ = {
			isa = PBXNativeTarget;
			buildConfigurationList = 259BB0AC1DD131E00025E390 /* Build configuration list for PBXNativeTarget "Sensors" */;
			buildPhases = (
				259BB0961DD131DF0025E390 /* Sources */,
				259BB0971DD131DF0025E390 /* Frameworks */,
				259BB0981DD131DF0025E390 /* Resources */,
			);
			buildRules = (
			);
			dependencies = (
			);
			name = Sensors;
			productName = Sensors;
			productReference = 259BB09A1DD131E00025E390 /* Sensors.app */;
			productType = "com.apple.product-type.application";
		};
/* End PBXNativeTarget section */

/* Begin PBXProject section */
		259BB0921DD131DF0025E390 /* Project object */ = {
			isa = PBXProject;
			attributes = {
				LastSwiftUpdateCheck = 0800;
				LastUpgradeCheck = 0800;
				ORGANIZATIONNAME = "Ideia do Luiz";
				TargetAttributes = {
					259BB0991DD131DF0025E390 = {
						CreatedOnToolsVersion = 8.0;
						ProvisioningStyle = Automatic;
					};
				};
			};
			buildConfigurationList = 259BB0951DD131DF0025E390 /* Build configuration list for PBXProject "Sensors" */;
			compatibilityVersion = "Xcode 3.2";
			developmentRegion = English;
			hasScannedForEncodings = 0;
			knownRegions = (
				en,
				Base,
			);
			mainGroup = 259BB0911DD131DF0025E390;
			productRefGroup = 259BB09B1DD131E00025E390 /* Products */;
			projectDirPath = "";
			projectRoot = "";
			targets = (
				259BB0991DD131DF0025E390 /* Sensors */,
			);
		};
/* End PBXProject section */

/* Begin PBXResourcesBuildPhase section */
		259BB0981DD131DF0025E390 /* Resources */ = {
			isa = PBXResourcesBuildPhase;
			buildActionMask = 2147483647;
			files = (
				259BB0A81DD131E00025E390 /* LaunchScreen.storyboard in Resources */,
				259BB0A51DD131E00025E390 /* Assets.xcassets in Resources */,
				259BB0A31DD131E00025E390 /* Main.storyboard in Resources */,
			);
			runOnlyForDeploymentPostprocessing = 0;
		};
/* End PBXResourcesBuildPhase section */

/* Begin PBXSourcesBuildPhase section */
		259BB0961DD131DF0025E390 /* Sources */ = {
			isa = PBXSourcesBuildPhase;
			buildActionMask = 2147483647;
			files = (
				259BB0A01DD131E00025E390 /* ViewController.swift in Sources */,
				259BB09E1DD131E00025E390 /* AppDelegate.swift in Sources */,
			);
			runOnlyForDeploymentPostprocessing = 0;
		};
/* End PBXSourcesBuildPhase section */

/* Begin PBXVariantGroup section */
		259BB0A11DD131E00025E390 /* Main.storyboard */ = {
			isa = PBXVariantGroup;
			children = (
				259BB0A21DD131E00025E390 /* Base */,
			);
			name = Main.storyboard;
			sourceTree = "<group>";
		};
		259BB0A61DD131E00025E390 /* LaunchScreen.storyboard */ = {
			isa = PBXVariantGroup;
			children = (
				259BB0A71DD131E00025E390 /* Base */,
			);
			name = LaunchScreen.storyboard;
			sourceTree = "<group>";
		};
/* End PBXVariantGroup section */

/* Begin XCBuildConfiguration section */
		259BB0AA1DD131E00025E390 /* Debug */ = {
			isa = XCBuildConfiguration;
			buildSettings = {
				ALWAYS_SEARCH_USER_PATHS = NO;
				CLANG_ANALYZER_NONNULL = YES;
				CLANG_CXX_LANGUAGE_STANDARD = "gnu++0x";
				CLANG_CXX_LIBRARY = "libc++";
				CLANG_ENABLE_MODULES = YES;
				CLANG_ENABLE_OBJC_ARC = YES;
				CLANG_WARN_BOOL_CONVERSION = YES;
				CLANG_WARN_CONSTANT_CONVERSION = YES;
				CLANG_WARN_DIRECT_OBJC_ISA_USAGE = YES_ERROR;
				CLANG_WARN_DOCUMENTATION_COMMENTS = YES;
				CLANG_WARN_EMPTY_BODY = YES;
				CLANG_WARN_ENUM_CONVERSION = YES;
				CLANG_WARN_INFINITE_RECURSION = YES;
				CLANG_WARN_INT_CONVERSION = YES;
				CLANG_WARN_OBJC_ROOT_CLASS = YES_ERROR;
				CLANG_WARN_SUSPICIOUS_MOVES = YES;
				CLANG_WARN_UNREACHABLE_CODE = YES;
				CLANG_WARN__DUPLICATE_METHOD_MATCH = YES;
				"CODE_SIGN_IDENTITY[sdk=iphoneos*]" = "iPhone Developer";
				COPY_PHASE_STRIP = NO;
				DEBUG_INFORMATION_FORMAT = dwarf;
				ENABLE_STRICT_OBJC_MSGSEND = YES;
				ENABLE_TESTABILITY = YES;
				GCC_C_LANGUAGE_STANDARD = gnu99;
				GCC_DYNAMIC_NO_PIC = NO;
				GCC_NO_COMMON_BLOCKS = YES;
				GCC_OPTIMIZATION_LEVEL = 0;
				GCC_PREPROCESSOR_DEFINITIONS = (
					"DEBUG=1",
					"$(inherited)",
				);
				GCC_WARN_64_TO_32_BIT_CONVERSION = YES;
				GCC_WARN_ABOUT_RETURN_TYPE = YES_ERROR;
				GCC_WARN_UNDECLARED_SELECTOR = YES;
				GCC_WARN_UNINITIALIZED_AUTOS = YES_AGGRESSIVE;
				GCC_WARN_UNUSED_FUNCTION = YES;
				GCC_WARN_UNUSED_VARIABLE = YES;
				IPHONEOS_DEPLOYMENT_TARGET = 10.0;
				MTL_ENABLE_DEBUG_INFO = YES;
				ONLY_ACTIVE_ARCH = YES;
				SDKROOT = iphoneos;
				SWIFT_ACTIVE_COMPILATION_CONDITIONS = DEBUG;
				SWIFT_OPTIMIZATION_LEVEL = "-Onone";
				TARGETED_DEVICE_FAMILY = "1,2";
			};
			name = Debug;
		};
		259BB0AB1DD131E00025E390 /* Release */ = {
			isa = XCBuildConfiguration;
			buildSettings = {
				ALWAYS_SEARCH_USER_PATHS = NO;
				CLANG_ANALYZER_NONNULL = YES;
				CLANG_CXX_LANGUAGE_STANDARD = "gnu++0x";
				CLANG_CXX_LIBRARY = "libc++";
				CLANG_ENABLE_MODULES = YES;
				CLANG_ENABLE_OBJC_ARC = YES;
				CLANG_WARN_BOOL_CONVERSION = YES;
				CLANG_WARN_CONSTANT_CONVERSION = YES;
				CLANG_WARN_DIRECT_OBJC_ISA_USAGE = YES_ERROR;
				CLANG_WARN_DOCUMENTATION_COMMENTS = YES;
				CLANG_WARN_EMPTY_BODY = YES;
				CLANG_WARN_ENUM_CONVERSION = YES;
				CLANG_WARN_INFINITE_RECURSION = YES;
				CLANG_WARN_INT_CONVERSION = YES;
				CLANG_WARN_OBJC_ROOT_CLASS = YES_ERROR;
				CLANG_WARN_SUSPICIOUS_MOVES = YES;
				CLANG_WARN_UNREACHABLE_CODE = YES;
				CLANG_WARN__DUPLICATE_METHOD_MATCH = YES;
				"CODE_SIGN_IDENTITY[sdk=iphoneos*]" = "iPhone Developer";
				COPY_PHASE_STRIP = NO;
				DEBUG_INFORMATION_FORMAT = "dwarf-with-dsym";
				ENABLE_NS_ASSERTIONS = NO;
				ENABLE_STRICT_OBJC_MSGSEND = YES;
				GCC_C_LANGUAGE_STANDARD = gnu99;
				GCC_NO_COMMON_BLOCKS = YES;
				GCC_WARN_64_TO_32_BIT_CONVERSION = YES;
				GCC_WARN_ABOUT_RETURN_TYPE = YES_ERROR;
				GCC_WARN_UNDECLARED_SELECTOR = YES;
				GCC_WARN_UNINITIALIZED_AUTOS = YES_AGGRESSIVE;
				GCC_WARN_UNUSED_FUNCTION = YES;
				GCC_WARN_UNUSED_VARIABLE = YES;
				IPHONEOS_DEPLOYMENT_TARGET = 10.0;
				MTL_ENABLE_DEBUG_INFO = NO;
				SDKROOT = iphoneos;
				SWIFT_OPTIMIZATION_LEVEL = "-Owholemodule";
				TARGETED_DEVICE_FAMILY = "1,2";
				VALIDATE_PRODUCT = YES;
			};
			name = Release;
		};
		259BB0AD1DD131E00025E390 /* Debug */ = {
			isa = XCBuildConfiguration;
			buildSettings = {
				ASSETCATALOG_COMPILER_APPICON_NAME = AppIcon;
				INFOPLIST_FILE = Sensors/Info.plist;
				LD_RUNPATH_SEARCH_PATHS = "$(inherited) @executable_path/Frameworks";
				PRODUCT_BUNDLE_IDENTIFIER = com.ideiadoluiz.Sensors;
				PRODUCT_NAME = "$(TARGET_NAME)";
				SWIFT_VERSION = 3.0;
			};
			name = Debug;
		};
		259BB0AE1DD131E00025E390 /* Release */ = {
			isa = XCBuildConfiguration;
			buildSettings = {
				ASSETCATALOG_COMPILER_APPICON_NAME = AppIcon;
				INFOPLIST_FILE = Sensors/Info.plist;
				LD_RUNPATH_SEARCH_PATHS = "$(inherited) @executable_path/Frameworks";
				PRODUCT_BUNDLE_IDENTIFIER = com.ideiadoluiz.Sensors;
				PRODUCT_NAME = "$(TARGET_NAME)";
				SWIFT_VERSION = 3.0;
			};
			name = Release;
		};
/* End XCBuildConfiguration section */

/* Begin XCConfigurationList section */
		259BB0951DD131DF0025E390 /* Build configuration list for PBXProject "Sensors" */ = {
			isa = XCConfigurationList;
			buildConfigurations = (
				259BB0AA1DD131E00025E390 /* Debug */,
				259BB0AB1DD131E00025E390 /* Release */,
			);
			defaultConfigurationIsVisible = 0;
			defaultConfigurationName = Release;
		};
		259BB0AC1DD131E00025E390 /* Build configuration list for PBXNativeTarget "Sensors" */ = {
			isa = XCConfigurationList;
			buildConfigurations = (
				259BB0AD1DD131E00025E390 /* Debug */,
				259BB0AE1DD131E00025E390 /* Release */,
			);
			defaultConfigurationIsVisible = 0;
		};
/* End XCConfigurationList section */
	};
	rootObject = 259BB0921DD131DF0025E390 /* Project object */;
}
